// !$*UTF8*$!
{
	archiveVersion = 1;
	classes = {
	};
	objectVersion = 46;
	objects = {

/* Begin PBXAggregateTarget section */
		26C5B3A31DFFF4350088BFF8 /* Build */ = {
			isa = PBXAggregateTarget;
			buildConfigurationList = 26C5B3A41DFFF4350088BFF8 /* Build configuration list for PBXAggregateTarget "Build" */;
			buildPhases = (
				26C5B3A71DFFF4490088BFF8 /* ShellScript */,
			);
			dependencies = (
			);
			name = Build;
			productName = Build;
		};
/* End PBXAggregateTarget section */

/* Begin PBXBuildFile section */
		2636B8591E1E2F2A00A67C84 /* Weather.xml in Resources */ = {isa = PBXBuildFile; fileRef = 2636B8581E1E2F2A00A67C84 /* Weather.xml */; };
		2636B87A1E1E42D200A67C84 /* NMTableViewCell.h in Headers */ = {isa = PBXBuildFile; fileRef = 2636B8681E1E42D200A67C84 /* NMTableViewCell.h */; settings = {ATTRIBUTES = (Public, ); }; };
		2636B87B1E1E42D200A67C84 /* NMTableViewCell.m in Sources */ = {isa = PBXBuildFile; fileRef = 2636B8691E1E42D200A67C84 /* NMTableViewCell.m */; };
		2636B87E1E1E42D200A67C84 /* NMViewController.h in Headers */ = {isa = PBXBuildFile; fileRef = 2636B86C1E1E42D200A67C84 /* NMViewController.h */; settings = {ATTRIBUTES = (Public, ); }; };
		2636B87F1E1E42D200A67C84 /* NMViewController.m in Sources */ = {isa = PBXBuildFile; fileRef = 2636B86D1E1E42D200A67C84 /* NMViewController.m */; };
		2636B8801E1E42D200A67C84 /* NMTableViewController.h in Headers */ = {isa = PBXBuildFile; fileRef = 2636B86E1E1E42D200A67C84 /* NMTableViewController.h */; settings = {ATTRIBUTES = (Public, ); }; };
		2636B8811E1E42D200A67C84 /* NMTableViewController.m in Sources */ = {isa = PBXBuildFile; fileRef = 2636B86F1E1E42D200A67C84 /* NMTableViewController.m */; };
		2636B8821E1E42D200A67C84 /* NMStaticTableViewController.h in Headers */ = {isa = PBXBuildFile; fileRef = 2636B8701E1E42D200A67C84 /* NMStaticTableViewController.h */; settings = {ATTRIBUTES = (Public, ); }; };
		2636B8831E1E42D200A67C84 /* NMStaticTableViewController.m in Sources */ = {isa = PBXBuildFile; fileRef = 2636B8711E1E42D200A67C84 /* NMStaticTableViewController.m */; };
		2636B8841E1E42D200A67C84 /* NMTableViewHeaderFooterView.h in Headers */ = {isa = PBXBuildFile; fileRef = 2636B8721E1E42D200A67C84 /* NMTableViewHeaderFooterView.h */; settings = {ATTRIBUTES = (Public, ); }; };
		2636B8851E1E42D200A67C84 /* NMTableViewHeaderFooterView.m in Sources */ = {isa = PBXBuildFile; fileRef = 2636B8731E1E42D200A67C84 /* NMTableViewHeaderFooterView.m */; };
		2636B8861E1E42D200A67C84 /* NMSearchTableViewCell.h in Headers */ = {isa = PBXBuildFile; fileRef = 2636B8741E1E42D200A67C84 /* NMSearchTableViewCell.h */; settings = {ATTRIBUTES = (Public, ); }; };
		2636B8871E1E42D200A67C84 /* NMSearchTableViewCell.m in Sources */ = {isa = PBXBuildFile; fileRef = 2636B8751E1E42D200A67C84 /* NMSearchTableViewCell.m */; };
		2636B88A1E1E42D200A67C84 /* NMTabBarViewController.h in Headers */ = {isa = PBXBuildFile; fileRef = 2636B8781E1E42D200A67C84 /* NMTabBarViewController.h */; settings = {ATTRIBUTES = (Public, ); }; };
		2636B88B1E1E42D200A67C84 /* NMTabBarViewController.m in Sources */ = {isa = PBXBuildFile; fileRef = 2636B8791E1E42D200A67C84 /* NMTabBarViewController.m */; };
		266F6A521E1E11AA006E210E /* User.xml in Resources */ = {isa = PBXBuildFile; fileRef = 26A4C86A1E03D2BB005BE5FC /* User.xml */; };
		266F6A551E1E1E0A006E210E /* PCCWException.h in Headers */ = {isa = PBXBuildFile; fileRef = 266F6A531E1E1E0A006E210E /* PCCWException.h */; settings = {ATTRIBUTES = (Public, ); }; };
		266F6A561E1E1E0A006E210E /* PCCWException.m in Sources */ = {isa = PBXBuildFile; fileRef = 266F6A541E1E1E0A006E210E /* PCCWException.m */; };
		266F6A591E1E1F14006E210E /* UIAlertController+Blocks.h in Headers */ = {isa = PBXBuildFile; fileRef = 266F6A571E1E1F14006E210E /* UIAlertController+Blocks.h */; settings = {ATTRIBUTES = (Public, ); }; };
		266F6A5A1E1E1F14006E210E /* UIAlertController+Blocks.m in Sources */ = {isa = PBXBuildFile; fileRef = 266F6A581E1E1F14006E210E /* UIAlertController+Blocks.m */; };
		266F6A5C1E1E201D006E210E /* PCCWFoundation-prefix.pch in Headers */ = {isa = PBXBuildFile; fileRef = 266F6A5B1E1E201D006E210E /* PCCWFoundation-prefix.pch */; settings = {ATTRIBUTES = (Public, ); }; };
		268DB3E21E1FA40A001085B2 /* NMHUDHandler.h in Headers */ = {isa = PBXBuildFile; fileRef = 268DB3E01E1FA40A001085B2 /* NMHUDHandler.h */; settings = {ATTRIBUTES = (Public, ); }; };
		268DB3E31E1FA40A001085B2 /* NMHUDHandler.m in Sources */ = {isa = PBXBuildFile; fileRef = 268DB3E11E1FA40A001085B2 /* NMHUDHandler.m */; };
		26994D621E20F3B200AB1514 /* README.md in Sources */ = {isa = PBXBuildFile; fileRef = 26994D611E20F3B200AB1514 /* README.md */; };
		26A4C86B1E03D2BB005BE5FC /* User.xml in Resources */ = {isa = PBXBuildFile; fileRef = 26A4C86A1E03D2BB005BE5FC /* User.xml */; };
		26C5B3901DFFE3060088BFF8 /* PCCWFoundationTests.m in Sources */ = {isa = PBXBuildFile; fileRef = 26C5B38F1DFFE3060088BFF8 /* PCCWFoundationTests.m */; };
		26C5B3921DFFE3060088BFF8 /* PCCWFoundation.h in Headers */ = {isa = PBXBuildFile; fileRef = 26C5B3841DFFE3050088BFF8 /* PCCWFoundation.h */; settings = {ATTRIBUTES = (Public, ); }; };
		26C5B3A11DFFF3270088BFF8 /* PCCWModel.h in Headers */ = {isa = PBXBuildFile; fileRef = 26C5B39F1DFFF3270088BFF8 /* PCCWModel.h */; settings = {ATTRIBUTES = (Public, ); }; };
		26C5B3A21DFFF3270088BFF8 /* PCCWModel.m in Sources */ = {isa = PBXBuildFile; fileRef = 26C5B3A01DFFF3270088BFF8 /* PCCWModel.m */; };
		26D4E8611E00FB1F00D82973 /* PCCWWebServiceRequestSerializer.h in Headers */ = {isa = PBXBuildFile; fileRef = 26D4E85F1E00FB1F00D82973 /* PCCWWebServiceRequestSerializer.h */; settings = {ATTRIBUTES = (Public, ); }; };
		26D4E8621E00FB1F00D82973 /* PCCWWebServiceRequestSerializer.m in Sources */ = {isa = PBXBuildFile; fileRef = 26D4E8601E00FB1F00D82973 /* PCCWWebServiceRequestSerializer.m */; };
		26D4E8651E00FB4B00D82973 /* PCCWWebServiceReponseSerializer.h in Headers */ = {isa = PBXBuildFile; fileRef = 26D4E8631E00FB4B00D82973 /* PCCWWebServiceReponseSerializer.h */; settings = {ATTRIBUTES = (Public, ); }; };
		26D4E8661E00FB4B00D82973 /* PCCWWebServiceReponseSerializer.m in Sources */ = {isa = PBXBuildFile; fileRef = 26D4E8641E00FB4B00D82973 /* PCCWWebServiceReponseSerializer.m */; };
		26D4E8691E0120EF00D82973 /* PCCWNotificationManager.h in Headers */ = {isa = PBXBuildFile; fileRef = 26D4E8671E0120EF00D82973 /* PCCWNotificationManager.h */; settings = {ATTRIBUTES = (Public, ); }; };
		26D4E86A1E0120EF00D82973 /* PCCWNotificationManager.m in Sources */ = {isa = PBXBuildFile; fileRef = 26D4E8681E0120EF00D82973 /* PCCWNotificationManager.m */; };
		26D4E86D1E01220600D82973 /* PCCWNetworkServices.h in Headers */ = {isa = PBXBuildFile; fileRef = 26D4E86B1E01220600D82973 /* PCCWNetworkServices.h */; settings = {ATTRIBUTES = (Public, ); }; };
		26D4E86E1E01220600D82973 /* PCCWNetworkServices.m in Sources */ = {isa = PBXBuildFile; fileRef = 26D4E86C1E01220600D82973 /* PCCWNetworkServices.m */; };
		26D4E8711E0131FA00D82973 /* PCCWWSDLParsers.h in Headers */ = {isa = PBXBuildFile; fileRef = 26D4E86F1E0131FA00D82973 /* PCCWWSDLParsers.h */; settings = {ATTRIBUTES = (Public, ); }; };
		26D4E8721E0131FA00D82973 /* PCCWWSDLParsers.m in Sources */ = {isa = PBXBuildFile; fileRef = 26D4E8701E0131FA00D82973 /* PCCWWSDLParsers.m */; };
/* End PBXBuildFile section */

/* Begin PBXContainerItemProxy section */
		26994D321E20E5BE00AB1514 /* PBXContainerItemProxy */ = {
			isa = PBXContainerItemProxy;
			containerPortal = 26C5B3781DFFE3050088BFF8 /* Project object */;
			proxyType = 1;
			remoteGlobalIDString = 26C5B3801DFFE3050088BFF8;
			remoteInfo = PCCWFoundation;
		};
/* End PBXContainerItemProxy section */

/* Begin PBXCopyFilesBuildPhase section */
		266F6A4D1E1E0FE2006E210E /* CopyFiles */ = {
			isa = PBXCopyFilesBuildPhase;
			buildActionMask = 12;
			dstPath = "";
			dstSubfolderSpec = 10;
			files = (
			);
			runOnlyForDeploymentPostprocessing = 0;
		};
/* End PBXCopyFilesBuildPhase section */

/* Begin PBXFileReference section */
		2636B8581E1E2F2A00A67C84 /* Weather.xml */ = {isa = PBXFileReference; fileEncoding = 4; lastKnownFileType = text.xml; path = Weather.xml; sourceTree = "<group>"; };
		2636B8681E1E42D200A67C84 /* NMTableViewCell.h */ = {isa = PBXFileReference; fileEncoding = 4; lastKnownFileType = sourcecode.c.h; path = NMTableViewCell.h; sourceTree = "<group>"; };
		2636B8691E1E42D200A67C84 /* NMTableViewCell.m */ = {isa = PBXFileReference; fileEncoding = 4; lastKnownFileType = sourcecode.c.objc; path = NMTableViewCell.m; sourceTree = "<group>"; };
		2636B86C1E1E42D200A67C84 /* NMViewController.h */ = {isa = PBXFileReference; fileEncoding = 4; lastKnownFileType = sourcecode.c.h; path = NMViewController.h; sourceTree = "<group>"; };
		2636B86D1E1E42D200A67C84 /* NMViewController.m */ = {isa = PBXFileReference; fileEncoding = 4; lastKnownFileType = sourcecode.c.objc; path = NMViewController.m; sourceTree = "<group>"; };
		2636B86E1E1E42D200A67C84 /* NMTableViewController.h */ = {isa = PBXFileReference; fileEncoding = 4; lastKnownFileType = sourcecode.c.h; path = NMTableViewController.h; sourceTree = "<group>"; };
		2636B86F1E1E42D200A67C84 /* NMTableViewController.m */ = {isa = PBXFileReference; fileEncoding = 4; lastKnownFileType = sourcecode.c.objc; path = NMTableViewController.m; sourceTree = "<group>"; };
		2636B8701E1E42D200A67C84 /* NMStaticTableViewController.h */ = {isa = PBXFileReference; fileEncoding = 4; lastKnownFileType = sourcecode.c.h; path = NMStaticTableViewController.h; sourceTree = "<group>"; };
		2636B8711E1E42D200A67C84 /* NMStaticTableViewController.m */ = {isa = PBXFileReference; fileEncoding = 4; lastKnownFileType = sourcecode.c.objc; path = NMStaticTableViewController.m; sourceTree = "<group>"; };
		2636B8721E1E42D200A67C84 /* NMTableViewHeaderFooterView.h */ = {isa = PBXFileReference; fileEncoding = 4; lastKnownFileType = sourcecode.c.h; path = NMTableViewHeaderFooterView.h; sourceTree = "<group>"; };
		2636B8731E1E42D200A67C84 /* NMTableViewHeaderFooterView.m */ = {isa = PBXFileReference; fileEncoding = 4; lastKnownFileType = sourcecode.c.objc; path = NMTableViewHeaderFooterView.m; sourceTree = "<group>"; };
		2636B8741E1E42D200A67C84 /* NMSearchTableViewCell.h */ = {isa = PBXFileReference; fileEncoding = 4; lastKnownFileType = sourcecode.c.h; path = NMSearchTableViewCell.h; sourceTree = "<group>"; };
		2636B8751E1E42D200A67C84 /* NMSearchTableViewCell.m */ = {isa = PBXFileReference; fileEncoding = 4; lastKnownFileType = sourcecode.c.objc; path = NMSearchTableViewCell.m; sourceTree = "<group>"; };
		2636B8781E1E42D200A67C84 /* NMTabBarViewController.h */ = {isa = PBXFileReference; fileEncoding = 4; lastKnownFileType = sourcecode.c.h; path = NMTabBarViewController.h; sourceTree = "<group>"; };
		2636B8791E1E42D200A67C84 /* NMTabBarViewController.m */ = {isa = PBXFileReference; fileEncoding = 4; lastKnownFileType = sourcecode.c.objc; path = NMTabBarViewController.m; sourceTree = "<group>"; };
		266F6A531E1E1E0A006E210E /* PCCWException.h */ = {isa = PBXFileReference; fileEncoding = 4; lastKnownFileType = sourcecode.c.h; path = PCCWException.h; sourceTree = "<group>"; };
		266F6A541E1E1E0A006E210E /* PCCWException.m */ = {isa = PBXFileReference; fileEncoding = 4; lastKnownFileType = sourcecode.c.objc; path = PCCWException.m; sourceTree = "<group>"; };
		266F6A571E1E1F14006E210E /* UIAlertController+Blocks.h */ = {isa = PBXFileReference; fileEncoding = 4; lastKnownFileType = sourcecode.c.h; path = "UIAlertController+Blocks.h"; sourceTree = "<group>"; };
		266F6A581E1E1F14006E210E /* UIAlertController+Blocks.m */ = {isa = PBXFileReference; fileEncoding = 4; lastKnownFileType = sourcecode.c.objc; path = "UIAlertController+Blocks.m"; sourceTree = "<group>"; };
		266F6A5B1E1E201D006E210E /* PCCWFoundation-prefix.pch */ = {isa = PBXFileReference; fileEncoding = 4; lastKnownFileType = sourcecode.c.h; path = "PCCWFoundation-prefix.pch"; sourceTree = "<group>"; };
		268DB3E01E1FA40A001085B2 /* NMHUDHandler.h */ = {isa = PBXFileReference; fileEncoding = 4; lastKnownFileType = sourcecode.c.h; path = NMHUDHandler.h; sourceTree = "<group>"; };
		268DB3E11E1FA40A001085B2 /* NMHUDHandler.m */ = {isa = PBXFileReference; fileEncoding = 4; lastKnownFileType = sourcecode.c.objc; path = NMHUDHandler.m; sourceTree = "<group>"; };
		26994D611E20F3B200AB1514 /* README.md */ = {isa = PBXFileReference; fileEncoding = 4; lastKnownFileType = net.daringfireball.markdown; path = README.md; sourceTree = "<group>"; };
		26A4C86A1E03D2BB005BE5FC /* User.xml */ = {isa = PBXFileReference; fileEncoding = 4; lastKnownFileType = text.xml; path = User.xml; sourceTree = "<group>"; };
		26C5B3811DFFE3050088BFF8 /* PCCWFoundation.framework */ = {isa = PBXFileReference; explicitFileType = wrapper.framework; includeInIndex = 0; path = PCCWFoundation.framework; sourceTree = BUILT_PRODUCTS_DIR; };
		26C5B3841DFFE3050088BFF8 /* PCCWFoundation.h */ = {isa = PBXFileReference; lastKnownFileType = sourcecode.c.h; path = PCCWFoundation.h; sourceTree = "<group>"; };
		26C5B3851DFFE3050088BFF8 /* Info.plist */ = {isa = PBXFileReference; lastKnownFileType = text.plist.xml; path = Info.plist; sourceTree = "<group>"; };
		26C5B38A1DFFE3060088BFF8 /* PCCWFoundationTests.xctest */ = {isa = PBXFileReference; explicitFileType = wrapper.cfbundle; includeInIndex = 0; path = PCCWFoundationTests.xctest; sourceTree = BUILT_PRODUCTS_DIR; };
		26C5B38F1DFFE3060088BFF8 /* PCCWFoundationTests.m */ = {isa = PBXFileReference; lastKnownFileType = sourcecode.c.objc; path = PCCWFoundationTests.m; sourceTree = "<group>"; };
		26C5B3911DFFE3060088BFF8 /* Info.plist */ = {isa = PBXFileReference; lastKnownFileType = text.plist.xml; path = Info.plist; sourceTree = "<group>"; };
		26C5B39F1DFFF3270088BFF8 /* PCCWModel.h */ = {isa = PBXFileReference; fileEncoding = 4; lastKnownFileType = sourcecode.c.h; path = PCCWModel.h; sourceTree = "<group>"; };
		26C5B3A01DFFF3270088BFF8 /* PCCWModel.m */ = {isa = PBXFileReference; fileEncoding = 4; lastKnownFileType = sourcecode.c.objc; path = PCCWModel.m; sourceTree = "<group>"; };
		26D4E85F1E00FB1F00D82973 /* PCCWWebServiceRequestSerializer.h */ = {isa = PBXFileReference; fileEncoding = 4; lastKnownFileType = sourcecode.c.h; path = PCCWWebServiceRequestSerializer.h; sourceTree = "<group>"; };
		26D4E8601E00FB1F00D82973 /* PCCWWebServiceRequestSerializer.m */ = {isa = PBXFileReference; fileEncoding = 4; lastKnownFileType = sourcecode.c.objc; path = PCCWWebServiceRequestSerializer.m; sourceTree = "<group>"; };
		26D4E8631E00FB4B00D82973 /* PCCWWebServiceReponseSerializer.h */ = {isa = PBXFileReference; fileEncoding = 4; lastKnownFileType = sourcecode.c.h; path = PCCWWebServiceReponseSerializer.h; sourceTree = "<group>"; };
		26D4E8641E00FB4B00D82973 /* PCCWWebServiceReponseSerializer.m */ = {isa = PBXFileReference; fileEncoding = 4; lastKnownFileType = sourcecode.c.objc; path = PCCWWebServiceReponseSerializer.m; sourceTree = "<group>"; };
		26D4E8671E0120EF00D82973 /* PCCWNotificationManager.h */ = {isa = PBXFileReference; fileEncoding = 4; lastKnownFileType = sourcecode.c.h; path = PCCWNotificationManager.h; sourceTree = "<group>"; };
		26D4E8681E0120EF00D82973 /* PCCWNotificationManager.m */ = {isa = PBXFileReference; fileEncoding = 4; lastKnownFileType = sourcecode.c.objc; path = PCCWNotificationManager.m; sourceTree = "<group>"; };
		26D4E86B1E01220600D82973 /* PCCWNetworkServices.h */ = {isa = PBXFileReference; fileEncoding = 4; lastKnownFileType = sourcecode.c.h; path = PCCWNetworkServices.h; sourceTree = "<group>"; };
		26D4E86C1E01220600D82973 /* PCCWNetworkServices.m */ = {isa = PBXFileReference; fileEncoding = 4; lastKnownFileType = sourcecode.c.objc; path = PCCWNetworkServices.m; sourceTree = "<group>"; };
		26D4E86F1E0131FA00D82973 /* PCCWWSDLParsers.h */ = {isa = PBXFileReference; fileEncoding = 4; lastKnownFileType = sourcecode.c.h; path = PCCWWSDLParsers.h; sourceTree = "<group>"; };
		26D4E8701E0131FA00D82973 /* PCCWWSDLParsers.m */ = {isa = PBXFileReference; fileEncoding = 4; lastKnownFileType = sourcecode.c.objc; path = PCCWWSDLParsers.m; sourceTree = "<group>"; };
/* End PBXFileReference section */

/* Begin PBXFrameworksBuildPhase section */
		26C5B37D1DFFE3050088BFF8 /* Frameworks */ = {
			isa = PBXFrameworksBuildPhase;
			buildActionMask = 2147483647;
			files = (
			);
			runOnlyForDeploymentPostprocessing = 0;
		};
		26C5B3871DFFE3060088BFF8 /* Frameworks */ = {
			isa = PBXFrameworksBuildPhase;
			buildActionMask = 2147483647;
			files = (
			);
			runOnlyForDeploymentPostprocessing = 0;
		};
/* End PBXFrameworksBuildPhase section */

/* Begin PBXGroup section */
		26C5B3771DFFE3050088BFF8 = {
			isa = PBXGroup;
			children = (
				26994D611E20F3B200AB1514 /* README.md */,
				26C5B3831DFFE3050088BFF8 /* PCCWFoundation */,
				26C5B38E1DFFE3060088BFF8 /* PCCWFoundationTests */,
				26C5B3821DFFE3050088BFF8 /* Products */,
			);
			sourceTree = "<group>";
		};
		26C5B3821DFFE3050088BFF8 /* Products */ = {
			isa = PBXGroup;
			children = (
				26C5B3811DFFE3050088BFF8 /* PCCWFoundation.framework */,
				26C5B38A1DFFE3060088BFF8 /* PCCWFoundationTests.xctest */,
			);
			name = Products;
			sourceTree = "<group>";
		};
		26C5B3831DFFE3050088BFF8 /* PCCWFoundation */ = {
			isa = PBXGroup;
			children = (
				26C5B3841DFFE3050088BFF8 /* PCCWFoundation.h */,
				266F6A5B1E1E201D006E210E /* PCCWFoundation-prefix.pch */,
				26C5B3851DFFE3050088BFF8 /* Info.plist */,
				5B875A6E06D9E2D35901C019 /* Model */,
				5B87504D0BF4BE00C748C2BC /* Network */,
				5B87591F27D563D02420CC68 /* Notification */,
				5B8758520E3BD4A5D72DAEE1 /* Views */,
				5B875CC82613C2E6E618315E /* ViewModels */,
				5B875659E1620856422745FC /* Exceptions */,
				5B875894BCBA15684BB0E2B2 /* Extensions */,
			);
			path = PCCWFoundation;
			sourceTree = "<group>";
		};
		26C5B38E1DFFE3060088BFF8 /* PCCWFoundationTests */ = {
			isa = PBXGroup;
			children = (
				26A4C86A1E03D2BB005BE5FC /* User.xml */,
				2636B8581E1E2F2A00A67C84 /* Weather.xml */,
				26C5B38F1DFFE3060088BFF8 /* PCCWFoundationTests.m */,
				26C5B3911DFFE3060088BFF8 /* Info.plist */,
			);
			path = PCCWFoundationTests;
			sourceTree = "<group>";
		};
		5B87504D0BF4BE00C748C2BC /* Network */ = {
			isa = PBXGroup;
			children = (
				26D4E86B1E01220600D82973 /* PCCWNetworkServices.h */,
				26D4E86C1E01220600D82973 /* PCCWNetworkServices.m */,
				26D4E85F1E00FB1F00D82973 /* PCCWWebServiceRequestSerializer.h */,
				26D4E8601E00FB1F00D82973 /* PCCWWebServiceRequestSerializer.m */,
				26D4E8631E00FB4B00D82973 /* PCCWWebServiceReponseSerializer.h */,
				26D4E8641E00FB4B00D82973 /* PCCWWebServiceReponseSerializer.m */,
				26D4E86F1E0131FA00D82973 /* PCCWWSDLParsers.h */,
				26D4E8701E0131FA00D82973 /* PCCWWSDLParsers.m */,
			);
			path = Network;
			sourceTree = "<group>";
		};
		5B875659E1620856422745FC /* Exceptions */ = {
			isa = PBXGroup;
			children = (
				268DB3E01E1FA40A001085B2 /* NMHUDHandler.h */,
				268DB3E11E1FA40A001085B2 /* NMHUDHandler.m */,
				266F6A531E1E1E0A006E210E /* PCCWException.h */,
				266F6A541E1E1E0A006E210E /* PCCWException.m */,
			);
			path = Exceptions;
			sourceTree = "<group>";
		};
		5B87582ABDB0F6964CA4BF31 /* Base */ = {
			isa = PBXGroup;
			children = (
				2636B8681E1E42D200A67C84 /* NMTableViewCell.h */,
				2636B8691E1E42D200A67C84 /* NMTableViewCell.m */,
				2636B86C1E1E42D200A67C84 /* NMViewController.h */,
				2636B86D1E1E42D200A67C84 /* NMViewController.m */,
				2636B86E1E1E42D200A67C84 /* NMTableViewController.h */,
				2636B86F1E1E42D200A67C84 /* NMTableViewController.m */,
				2636B8701E1E42D200A67C84 /* NMStaticTableViewController.h */,
				2636B8711E1E42D200A67C84 /* NMStaticTableViewController.m */,
				2636B8721E1E42D200A67C84 /* NMTableViewHeaderFooterView.h */,
				2636B8731E1E42D200A67C84 /* NMTableViewHeaderFooterView.m */,
				2636B8741E1E42D200A67C84 /* NMSearchTableViewCell.h */,
				2636B8751E1E42D200A67C84 /* NMSearchTableViewCell.m */,
				2636B8781E1E42D200A67C84 /* NMTabBarViewController.h */,
				2636B8791E1E42D200A67C84 /* NMTabBarViewController.m */,
			);
			path = Base;
			sourceTree = "<group>";
		};
		5B8758520E3BD4A5D72DAEE1 /* Views */ = {
			isa = PBXGroup;
			children = (
				5B87582ABDB0F6964CA4BF31 /* Base */,
			);
			path = Views;
			sourceTree = "<group>";
		};
		5B875894BCBA15684BB0E2B2 /* Extensions */ = {
			isa = PBXGroup;
			children = (
				266F6A571E1E1F14006E210E /* UIAlertController+Blocks.h */,
				266F6A581E1E1F14006E210E /* UIAlertController+Blocks.m */,
			);
			path = Extensions;
			sourceTree = "<group>";
		};
		5B87591F27D563D02420CC68 /* Notification */ = {
			isa = PBXGroup;
			children = (
				26D4E8671E0120EF00D82973 /* PCCWNotificationManager.h */,
				26D4E8681E0120EF00D82973 /* PCCWNotificationManager.m */,
			);
			path = Notification;
			sourceTree = "<group>";
		};
		5B875A6E06D9E2D35901C019 /* Model */ = {
			isa = PBXGroup;
			children = (
				26C5B39F1DFFF3270088BFF8 /* PCCWModel.h */,
				26C5B3A01DFFF3270088BFF8 /* PCCWModel.m */,
			);
			path = Model;
			sourceTree = "<group>";
		};
		5B875CC82613C2E6E618315E /* ViewModels */ = {
			isa = PBXGroup;
			children = (
			);
			path = ViewModels;
			sourceTree = "<group>";
		};
/* End PBXGroup section */

/* Begin PBXHeadersBuildPhase section */
		26C5B37E1DFFE3050088BFF8 /* Headers */ = {
			isa = PBXHeadersBuildPhase;
			buildActionMask = 2147483647;
			files = (
				26C5B3921DFFE3060088BFF8 /* PCCWFoundation.h in Headers */,
				26D4E8611E00FB1F00D82973 /* PCCWWebServiceRequestSerializer.h in Headers */,
				26D4E8651E00FB4B00D82973 /* PCCWWebServiceReponseSerializer.h in Headers */,
				2636B88A1E1E42D200A67C84 /* NMTabBarViewController.h in Headers */,
				2636B87A1E1E42D200A67C84 /* NMTableViewCell.h in Headers */,
				2636B87E1E1E42D200A67C84 /* NMViewController.h in Headers */,
				2636B8821E1E42D200A67C84 /* NMStaticTableViewController.h in Headers */,
				2636B8861E1E42D200A67C84 /* NMSearchTableViewCell.h in Headers */,
				2636B8841E1E42D200A67C84 /* NMTableViewHeaderFooterView.h in Headers */,
				268DB3E21E1FA40A001085B2 /* NMHUDHandler.h in Headers */,
				2636B8801E1E42D200A67C84 /* NMTableViewController.h in Headers */,
				26D4E8711E0131FA00D82973 /* PCCWWSDLParsers.h in Headers */,
				266F6A591E1E1F14006E210E /* UIAlertController+Blocks.h in Headers */,
				26D4E86D1E01220600D82973 /* PCCWNetworkServices.h in Headers */,
				266F6A551E1E1E0A006E210E /* PCCWException.h in Headers */,
				266F6A5C1E1E201D006E210E /* PCCWFoundation-prefix.pch in Headers */,
				26D4E8691E0120EF00D82973 /* PCCWNotificationManager.h in Headers */,
				26C5B3A11DFFF3270088BFF8 /* PCCWModel.h in Headers */,
			);
			runOnlyForDeploymentPostprocessing = 0;
		};
/* End PBXHeadersBuildPhase section */

/* Begin PBXNativeTarget section */
		26C5B3801DFFE3050088BFF8 /* PCCWFoundation */ = {
			isa = PBXNativeTarget;
			buildConfigurationList = 26C5B3951DFFE3060088BFF8 /* Build configuration list for PBXNativeTarget "PCCWFoundation" */;
			buildPhases = (
				26C5B37C1DFFE3050088BFF8 /* Sources */,
				26C5B37D1DFFE3050088BFF8 /* Frameworks */,
				26C5B37E1DFFE3050088BFF8 /* Headers */,
				26C5B37F1DFFE3050088BFF8 /* Resources */,
				2636B8911E1E4E4900A67C84 /* ShellScript */,
			);
			buildRules = (
			);
			dependencies = (
			);
			name = PCCWFoundation;
			productName = PCCWFoundation;
			productReference = 26C5B3811DFFE3050088BFF8 /* PCCWFoundation.framework */;
			productType = "com.apple.product-type.framework";
		};
		26C5B3891DFFE3060088BFF8 /* PCCWFoundationTests */ = {
			isa = PBXNativeTarget;
			buildConfigurationList = 26C5B3981DFFE3060088BFF8 /* Build configuration list for PBXNativeTarget "PCCWFoundationTests" */;
			buildPhases = (
				26C5B3861DFFE3060088BFF8 /* Sources */,
				26C5B3871DFFE3060088BFF8 /* Frameworks */,
				26C5B3881DFFE3060088BFF8 /* Resources */,
				266F6A4D1E1E0FE2006E210E /* CopyFiles */,
			);
			buildRules = (
			);
			dependencies = (
				26994D331E20E5BE00AB1514 /* PBXTargetDependency */,
			);
			name = PCCWFoundationTests;
			productName = PCCWFoundationTests;
			productReference = 26C5B38A1DFFE3060088BFF8 /* PCCWFoundationTests.xctest */;
			productType = "com.apple.product-type.bundle.unit-test";
		};
/* End PBXNativeTarget section */

/* Begin PBXProject section */
		26C5B3781DFFE3050088BFF8 /* Project object */ = {
			isa = PBXProject;
			attributes = {
				CLASSPREFIX = PCCW;
				LastUpgradeCheck = 0810;
				ORGANIZATIONNAME = PCCW;
				TargetAttributes = {
					26C5B3801DFFE3050088BFF8 = {
						CreatedOnToolsVersion = 8.1;
						DevelopmentTeam = 5F56XN57QC;
						ProvisioningStyle = Automatic;
					};
					26C5B3891DFFE3060088BFF8 = {
						CreatedOnToolsVersion = 8.1;
						DevelopmentTeam = 5F56XN57QC;
						ProvisioningStyle = Automatic;
					};
					26C5B3A31DFFF4350088BFF8 = {
						CreatedOnToolsVersion = 8.1;
						DevelopmentTeam = 5F56XN57QC;
						ProvisioningStyle = Automatic;
					};
				};
			};
			buildConfigurationList = 26C5B37B1DFFE3050088BFF8 /* Build configuration list for PBXProject "PCCWFoundation" */;
			compatibilityVersion = "Xcode 3.2";
			developmentRegion = English;
			hasScannedForEncodings = 0;
			knownRegions = (
				en,
				Base,
			);
			mainGroup = 26C5B3771DFFE3050088BFF8;
			productRefGroup = 26C5B3821DFFE3050088BFF8 /* Products */;
			projectDirPath = "";
			projectRoot = "";
			targets = (
				26C5B3801DFFE3050088BFF8 /* PCCWFoundation */,
				26C5B3891DFFE3060088BFF8 /* PCCWFoundationTests */,
				26C5B3A31DFFF4350088BFF8 /* Build */,
			);
		};
/* End PBXProject section */

/* Begin PBXResourcesBuildPhase section */
		26C5B37F1DFFE3050088BFF8 /* Resources */ = {
			isa = PBXResourcesBuildPhase;
			buildActionMask = 2147483647;
			files = (
				266F6A521E1E11AA006E210E /* User.xml in Resources */,
			);
			runOnlyForDeploymentPostprocessing = 0;
		};
		26C5B3881DFFE3060088BFF8 /* Resources */ = {
			isa = PBXResourcesBuildPhase;
			buildActionMask = 2147483647;
			files = (
				2636B8591E1E2F2A00A67C84 /* Weather.xml in Resources */,
				26A4C86B1E03D2BB005BE5FC /* User.xml in Resources */,
			);
			runOnlyForDeploymentPostprocessing = 0;
		};
/* End PBXResourcesBuildPhase section */

/* Begin PBXShellScriptBuildPhase section */
		2636B8911E1E4E4900A67C84 /* ShellScript */ = {
			isa = PBXShellScriptBuildPhase;
			buildActionMask = 2147483647;
			files = (
			);
			inputPaths = (
				"$(SRCROOT)/Carthage/Build/iOS/AFNetworking.framework",
				"$(SRCROOT)/Carthage/Build/iOS/AFNetworkActivityLogger.framework",
				"$(SRCROOT)/Carthage/Build/iOS/JSONModel.framework",
				"$(SRCROOT)/Carthage/Build/iOS/MJRefresh.framework",
				"$(SRCROOT)/Carthage/Build/iOS/FDTemplateLayoutCell.framework",
				"$(SRCROOT)/Carthage/Build/iOS/MBProgressHUD.framework",
				"$(SRCROOT)/Carthage/Build/iOS/FMDB.framework",
				"$(SRCROOT)/Carthage/Build/iOS/KissXML.framework",
			);
			outputPaths = (
			);
			runOnlyForDeploymentPostprocessing = 0;
			shellPath = /bin/sh;
			shellScript = "/usr/local/bin/carthage copy-frameworks";
		};
		26C5B3A71DFFF4490088BFF8 /* ShellScript */ = {
			isa = PBXShellScriptBuildPhase;
			buildActionMask = 2147483647;
			files = (
			);
			inputPaths = (
			);
			outputPaths = (
			);
			runOnlyForDeploymentPostprocessing = 0;
			shellPath = /bin/sh;
			shellScript = "set -e\n# Constants\nSF_TARGET_NAME=${PROJECT_NAME}\n#自定义的用来存放最后合并的framework\nUNIVERSAL_OUTPUTFOLDER=${BUILD_DIR}/${CONFIGURATION}-universal\n#IPHONE_DEVICE_BUILD_DIR=${BUILD_DIR}/${CONFIGURATION}-iphoneos\nBULID_PROJECT_NAME=${PROJECT_NAME}.xcodeproj\nYO_SCHEME=${PROJECT_NAME}\n#clean build是先清除原来的build\nxcodebuild -project ${BULID_PROJECT_NAME} -scheme ${YO_SCHEME} -sdk iphonesimulator -configuration \"${CONFIGURATION}\" clean build\nxcodebuild -project ${BULID_PROJECT_NAME} -scheme ${YO_SCHEME} -sdk iphoneos -configuration \"${CONFIGURATION}\" clean build\n# build project\n# xcodebuild -project \"${PROJECT_FILE_PATH}\" -target \"${TARGET_NAME}\" -configuration \"${CONFIGURATION}\" -sdk iphoneos BUILD_DIR=\"${BUILD_DIR}\" OBJROOT=\"${OBJROOT}\" BUILD_ROOT=\"${BUILD_ROOT}\" CONFIGURATION_BUILD_DIR=\"${IPHONE_DEVICE_BUILD_DIR}/arm64\" SYMROOT=\"${SYMROOT}\" ARCHS='arm64' VALID_ARCHS='arm64' $ACTION\n# xcodebuild -project \"${PROJECT_FILE_PATH}\" -target \"${TARGET_NAME}\" -configuration \"${CONFIGURATION}\" -sdk iphoneos BUILD_DIR=\"${BUILD_DIR}\" OBJROOT=\"${OBJROOT}\" BUILD_ROOT=\"${BUILD_ROOT}\"  CONFIGURATION_BUILD_DIR=\"${IPHONE_DEVICE_BUILD_DIR}/armv7\" SYMROOT=\"${SYMROOT}\" ARCHS='armv7 armv7s' VALID_ARCHS='armv7 armv7s' $ACTION\n# Copy the framework structure to the universal folder (clean it first)\n#因为framework的合并,lipo只是合并了最后的二进制可执行文件,所以其它的需要我们自己复制过来\n#先移除原来的\nrm -rf \"${UNIVERSAL_OUTPUTFOLDER}\"\nmkdir -p \"${UNIVERSAL_OUTPUTFOLDER}\"\ncp -R \"${BUILD_DIR}/${CONFIGURATION}-iphonesimulator/${PROJECT_NAME}.framework\" \"${UNIVERSAL_OUTPUTFOLDER}/${PROJECT_NAME}.framework\"\n#合并模拟器和真机的架构\nlipo -create  \"${BUILD_DIR}/${CONFIGURATION}-iphonesimulator/${PROJECT_NAME}.framework/${PROJECT_NAME}\" \"${BUILD_DIR}/${CONFIGURATION}-iphoneos/${PROJECT_NAME}.framework/${PROJECT_NAME}\" -output \"${UNIVERSAL_OUTPUTFOLDER}/${PROJECT_NAME}.framework/${PROJECT_NAME}\"\n\ncp -R ${PROJECT_DIR}/PCCWFoundation/*.framework ${UNIVERSAL_OUTPUTFOLDER}\n                                 \n                                 open \"${UNIVERSAL_OUTPUTFOLDER}\"";
		};
/* End PBXShellScriptBuildPhase section */

/* Begin PBXSourcesBuildPhase section */
		26C5B37C1DFFE3050088BFF8 /* Sources */ = {
			isa = PBXSourcesBuildPhase;
			buildActionMask = 2147483647;
			files = (
				26C5B3A21DFFF3270088BFF8 /* PCCWModel.m in Sources */,
				2636B88B1E1E42D200A67C84 /* NMTabBarViewController.m in Sources */,
				2636B8851E1E42D200A67C84 /* NMTableViewHeaderFooterView.m in Sources */,
				2636B8811E1E42D200A67C84 /* NMTableViewController.m in Sources */,
				26D4E8621E00FB1F00D82973 /* PCCWWebServiceRequestSerializer.m in Sources */,
				266F6A561E1E1E0A006E210E /* PCCWException.m in Sources */,
				26D4E86E1E01220600D82973 /* PCCWNetworkServices.m in Sources */,
				2636B8831E1E42D200A67C84 /* NMStaticTableViewController.m in Sources */,
				266F6A5A1E1E1F14006E210E /* UIAlertController+Blocks.m in Sources */,
				268DB3E31E1FA40A001085B2 /* NMHUDHandler.m in Sources */,
				26D4E8661E00FB4B00D82973 /* PCCWWebServiceReponseSerializer.m in Sources */,
				26994D621E20F3B200AB1514 /* README.md in Sources */,
				2636B87B1E1E42D200A67C84 /* NMTableViewCell.m in Sources */,
				26D4E86A1E0120EF00D82973 /* PCCWNotificationManager.m in Sources */,
				26D4E8721E0131FA00D82973 /* PCCWWSDLParsers.m in Sources */,
				2636B87F1E1E42D200A67C84 /* NMViewController.m in Sources */,
				2636B8871E1E42D200A67C84 /* NMSearchTableViewCell.m in Sources */,
			);
			runOnlyForDeploymentPostprocessing = 0;
		};
		26C5B3861DFFE3060088BFF8 /* Sources */ = {
			isa = PBXSourcesBuildPhase;
			buildActionMask = 2147483647;
			files = (
				26C5B3901DFFE3060088BFF8 /* PCCWFoundationTests.m in Sources */,
			);
			runOnlyForDeploymentPostprocessing = 0;
		};
/* End PBXSourcesBuildPhase section */

/* Begin PBXTargetDependency section */
		26994D331E20E5BE00AB1514 /* PBXTargetDependency */ = {
			isa = PBXTargetDependency;
			target = 26C5B3801DFFE3050088BFF8 /* PCCWFoundation */;
			targetProxy = 26994D321E20E5BE00AB1514 /* PBXContainerItemProxy */;
		};
/* End PBXTargetDependency section */

/* Begin XCBuildConfiguration section */
		26C5B3931DFFE3060088BFF8 /* Debug */ = {
			isa = XCBuildConfiguration;
			buildSettings = {
				ALWAYS_SEARCH_USER_PATHS = NO;
				CLANG_ALLOW_NON_MODULAR_INCLUDES_IN_FRAMEWORK_MODULES = NO;
				CLANG_ANALYZER_NONNULL = YES;
				CLANG_CXX_LANGUAGE_STANDARD = "gnu++0x";
				CLANG_CXX_LIBRARY = "libc++";
				CLANG_ENABLE_MODULES = YES;
				CLANG_ENABLE_OBJC_ARC = YES;
				CLANG_WARN_BOOL_CONVERSION = YES;
				CLANG_WARN_CONSTANT_CONVERSION = YES;
				CLANG_WARN_DIRECT_OBJC_ISA_USAGE = YES_ERROR;
				CLANG_WARN_DOCUMENTATION_COMMENTS = YES;
				CLANG_WARN_EMPTY_BODY = YES;
				CLANG_WARN_ENUM_CONVERSION = YES;
				CLANG_WARN_INFINITE_RECURSION = YES;
				CLANG_WARN_INT_CONVERSION = YES;
				CLANG_WARN_OBJC_ROOT_CLASS = YES_ERROR;
				CLANG_WARN_SUSPICIOUS_MOVES = YES;
				CLANG_WARN_UNREACHABLE_CODE = YES;
				CLANG_WARN__DUPLICATE_METHOD_MATCH = YES;
				"CODE_SIGN_IDENTITY[sdk=iphoneos*]" = "iPhone Developer";
				COPY_PHASE_STRIP = NO;
				CURRENT_PROJECT_VERSION = 1;
				DEBUG_INFORMATION_FORMAT = dwarf;
				ENABLE_STRICT_OBJC_MSGSEND = YES;
				ENABLE_TESTABILITY = YES;
				GCC_C_LANGUAGE_STANDARD = gnu99;
				GCC_DYNAMIC_NO_PIC = NO;
				GCC_INCREASE_PRECOMPILED_HEADER_SHARING = NO;
				GCC_NO_COMMON_BLOCKS = YES;
				GCC_OPTIMIZATION_LEVEL = 0;
				GCC_PREPROCESSOR_DEFINITIONS = (
					"DEBUG=1",
					"$(inherited)",
				);
				GCC_WARN_64_TO_32_BIT_CONVERSION = YES;
				GCC_WARN_ABOUT_RETURN_TYPE = YES_ERROR;
				GCC_WARN_UNDECLARED_SELECTOR = YES;
				GCC_WARN_UNINITIALIZED_AUTOS = YES_AGGRESSIVE;
				GCC_WARN_UNUSED_FUNCTION = YES;
				GCC_WARN_UNUSED_VARIABLE = YES;
				IPHONEOS_DEPLOYMENT_TARGET = 8.0;
				MTL_ENABLE_DEBUG_INFO = YES;
				ONLY_ACTIVE_ARCH = YES;
				SDKROOT = iphoneos;
				TARGETED_DEVICE_FAMILY = "1,2";
				VERSIONING_SYSTEM = "apple-generic";
				VERSION_INFO_PREFIX = "";
			};
			name = Debug;
		};
		26C5B3941DFFE3060088BFF8 /* Release */ = {
			isa = XCBuildConfiguration;
			buildSettings = {
				ALWAYS_SEARCH_USER_PATHS = NO;
				CLANG_ALLOW_NON_MODULAR_INCLUDES_IN_FRAMEWORK_MODULES = NO;
				CLANG_ANALYZER_NONNULL = YES;
				CLANG_CXX_LANGUAGE_STANDARD = "gnu++0x";
				CLANG_CXX_LIBRARY = "libc++";
				CLANG_ENABLE_MODULES = YES;
				CLANG_ENABLE_OBJC_ARC = YES;
				CLANG_WARN_BOOL_CONVERSION = YES;
				CLANG_WARN_CONSTANT_CONVERSION = YES;
				CLANG_WARN_DIRECT_OBJC_ISA_USAGE = YES_ERROR;
				CLANG_WARN_DOCUMENTATION_COMMENTS = YES;
				CLANG_WARN_EMPTY_BODY = YES;
				CLANG_WARN_ENUM_CONVERSION = YES;
				CLANG_WARN_INFINITE_RECURSION = YES;
				CLANG_WARN_INT_CONVERSION = YES;
				CLANG_WARN_OBJC_ROOT_CLASS = YES_ERROR;
				CLANG_WARN_SUSPICIOUS_MOVES = YES;
				CLANG_WARN_UNREACHABLE_CODE = YES;
				CLANG_WARN__DUPLICATE_METHOD_MATCH = YES;
				"CODE_SIGN_IDENTITY[sdk=iphoneos*]" = "iPhone Developer";
				COPY_PHASE_STRIP = NO;
				CURRENT_PROJECT_VERSION = 1;
				DEBUG_INFORMATION_FORMAT = "dwarf-with-dsym";
				ENABLE_NS_ASSERTIONS = NO;
				ENABLE_STRICT_OBJC_MSGSEND = YES;
				GCC_C_LANGUAGE_STANDARD = gnu99;
				GCC_INCREASE_PRECOMPILED_HEADER_SHARING = NO;
				GCC_NO_COMMON_BLOCKS = YES;
				GCC_WARN_64_TO_32_BIT_CONVERSION = YES;
				GCC_WARN_ABOUT_RETURN_TYPE = YES_ERROR;
				GCC_WARN_UNDECLARED_SELECTOR = YES;
				GCC_WARN_UNINITIALIZED_AUTOS = YES_AGGRESSIVE;
				GCC_WARN_UNUSED_FUNCTION = YES;
				GCC_WARN_UNUSED_VARIABLE = YES;
				IPHONEOS_DEPLOYMENT_TARGET = 8.0;
				MTL_ENABLE_DEBUG_INFO = NO;
				SDKROOT = iphoneos;
				TARGETED_DEVICE_FAMILY = "1,2";
				VALIDATE_PRODUCT = YES;
				VERSIONING_SYSTEM = "apple-generic";
				VERSION_INFO_PREFIX = "";
			};
			name = Release;
		};
		26C5B3961DFFE3060088BFF8 /* Debug */ = {
			isa = XCBuildConfiguration;
			buildSettings = {
				APPLICATION_EXTENSION_API_ONLY = NO;
				CODE_SIGN_IDENTITY = "";
				"CODE_SIGN_IDENTITY[sdk=iphoneos*]" = "iPhone Developer";
				DEFINES_MODULE = YES;
				DEVELOPMENT_TEAM = 5F56XN57QC;
				DYLIB_COMPATIBILITY_VERSION = 1;
				DYLIB_CURRENT_VERSION = 1;
				DYLIB_INSTALL_NAME_BASE = "@rpath";
				FRAMEWORK_SEARCH_PATHS = (
					"$(inherited)",
					"$(PROJECT_DIR)/PCCWFoundation",
					"$(SRCROOT)/Carthage/Build/iOS/",
					"$(PROJECT_DIR)/Carthage/Build/iOS",
				);
				GCC_PREFIX_HEADER = "${SRCROOT}/PCCWFoundation/PCCWFoundation-prefix.pch";
				INFOPLIST_FILE = PCCWFoundation/Info.plist;
				INSTALL_PATH = "$(LOCAL_LIBRARY_DIR)/Frameworks";
				LD_RUNPATH_SEARCH_PATHS = "$(inherited) @executable_path/Frameworks @loader_path/Frameworks";
				MACH_O_TYPE = mh_dylib;
				PRODUCT_BUNDLE_IDENTIFIER = com.pccw.framework.PCCWFoundation;
				PRODUCT_NAME = "$(TARGET_NAME)";
				SKIP_INSTALL = YES;
				USER_HEADER_SEARCH_PATHS = "";
			};
			name = Debug;
		};
		26C5B3971DFFE3060088BFF8 /* Release */ = {
			isa = XCBuildConfiguration;
			buildSettings = {
				APPLICATION_EXTENSION_API_ONLY = NO;
				CODE_SIGN_IDENTITY = "";
				"CODE_SIGN_IDENTITY[sdk=iphoneos*]" = "iPhone Developer";
				DEFINES_MODULE = YES;
				DEVELOPMENT_TEAM = 5F56XN57QC;
				DYLIB_COMPATIBILITY_VERSION = 1;
				DYLIB_CURRENT_VERSION = 1;
				DYLIB_INSTALL_NAME_BASE = "@rpath";
				FRAMEWORK_SEARCH_PATHS = (
					"$(inherited)",
					"$(PROJECT_DIR)/PCCWFoundation",
					"$(SRCROOT)/Carthage/Build/iOS/",
					"$(PROJECT_DIR)/Carthage/Build/iOS",
				);
				GCC_PREFIX_HEADER = "${SRCROOT}/PCCWFoundation/PCCWFoundation-prefix.pch";
				INFOPLIST_FILE = PCCWFoundation/Info.plist;
				INSTALL_PATH = "$(LOCAL_LIBRARY_DIR)/Frameworks";
				LD_RUNPATH_SEARCH_PATHS = "$(inherited) @executable_path/Frameworks @loader_path/Frameworks";
				MACH_O_TYPE = mh_dylib;
				PRODUCT_BUNDLE_IDENTIFIER = com.pccw.framework.PCCWFoundation;
				PRODUCT_NAME = "$(TARGET_NAME)";
				SKIP_INSTALL = YES;
				USER_HEADER_SEARCH_PATHS = "";
			};
			name = Release;
		};
		26C5B3991DFFE3060088BFF8 /* Debug */ = {
			isa = XCBuildConfiguration;
			buildSettings = {
				DEVELOPMENT_TEAM = 5F56XN57QC;
				FRAMEWORK_SEARCH_PATHS = (
					"$(inherited)",
					"$(PROJECT_DIR)/PCCWFoundation",
				);
				INFOPLIST_FILE = PCCWFoundationTests/Info.plist;
				LD_RUNPATH_SEARCH_PATHS = "$(inherited) @executable_path/Frameworks @loader_path/Frameworks";
				MACH_O_TYPE = mh_bundle;
				PRODUCT_BUNDLE_IDENTIFIER = com.pccw.framework.PCCWFoundationTests;
				PRODUCT_NAME = "$(TARGET_NAME)";
			};
			name = Debug;
		};
		26C5B39A1DFFE3060088BFF8 /* Release */ = {
			isa = XCBuildConfiguration;
			buildSettings = {
				DEVELOPMENT_TEAM = 5F56XN57QC;
				FRAMEWORK_SEARCH_PATHS = (
					"$(inherited)",
					"$(PROJECT_DIR)/PCCWFoundation",
				);
				INFOPLIST_FILE = PCCWFoundationTests/Info.plist;
				LD_RUNPATH_SEARCH_PATHS = "$(inherited) @executable_path/Frameworks @loader_path/Frameworks";
				MACH_O_TYPE = mh_bundle;
				PRODUCT_BUNDLE_IDENTIFIER = com.pccw.framework.PCCWFoundationTests;
				PRODUCT_NAME = "$(TARGET_NAME)";
			};
			name = Release;
		};
		26C5B3A51DFFF4350088BFF8 /* Debug */ = {
			isa = XCBuildConfiguration;
			buildSettings = {
				ALWAYS_SEARCH_USER_PATHS = NO;
				CLANG_ALLOW_NON_MODULAR_INCLUDES_IN_FRAMEWORK_MODULES = NO;
				DEVELOPMENT_TEAM = 5F56XN57QC;
				MACH_O_TYPE = staticlib;
				PRODUCT_NAME = "$(TARGET_NAME)";
			};
			name = Debug;
		};
		26C5B3A61DFFF4350088BFF8 /* Release */ = {
			isa = XCBuildConfiguration;
			buildSettings = {
				ALWAYS_SEARCH_USER_PATHS = NO;
				CLANG_ALLOW_NON_MODULAR_INCLUDES_IN_FRAMEWORK_MODULES = NO;
				DEVELOPMENT_TEAM = 5F56XN57QC;
				MACH_O_TYPE = staticlib;
				PRODUCT_NAME = "$(TARGET_NAME)";
			};
			name = Release;
		};
/* End XCBuildConfiguration section */

/* Begin XCConfigurationList section */
		26C5B37B1DFFE3050088BFF8 /* Build configuration list for PBXProject "PCCWFoundation" */ = {
			isa = XCConfigurationList;
			buildConfigurations = (
				26C5B3931DFFE3060088BFF8 /* Debug */,
				26C5B3941DFFE3060088BFF8 /* Release */,
			);
			defaultConfigurationIsVisible = 0;
			defaultConfigurationName = Release;
		};
		26C5B3951DFFE3060088BFF8 /* Build configuration list for PBXNativeTarget "PCCWFoundation" */ = {
			isa = XCConfigurationList;
			buildConfigurations = (
				26C5B3961DFFE3060088BFF8 /* Debug */,
				26C5B3971DFFE3060088BFF8 /* Release */,
			);
			defaultConfigurationIsVisible = 0;
			defaultConfigurationName = Release;
		};
		26C5B3981DFFE3060088BFF8 /* Build configuration list for PBXNativeTarget "PCCWFoundationTests" */ = {
			isa = XCConfigurationList;
			buildConfigurations = (
				26C5B3991DFFE3060088BFF8 /* Debug */,
				26C5B39A1DFFE3060088BFF8 /* Release */,
			);
			defaultConfigurationIsVisible = 0;
			defaultConfigurationName = Release;
		};
		26C5B3A41DFFF4350088BFF8 /* Build configuration list for PBXAggregateTarget "Build" */ = {
			isa = XCConfigurationList;
			buildConfigurations = (
				26C5B3A51DFFF4350088BFF8 /* Debug */,
				26C5B3A61DFFF4350088BFF8 /* Release */,
			);
			defaultConfigurationIsVisible = 0;
			defaultConfigurationName = Release;
		};
/* End XCConfigurationList section */
	};
	rootObject = 26C5B3781DFFE3050088BFF8 /* Project object */;
}
