// !$*UTF8*$!
{
	archiveVersion = 1;
	classes = {
	};
	objectVersion = 46;
	objects = {

/* Begin PBXAggregateTarget section */
		26C5B3A31DFFF4350088BFF8 /* Build */ = {
			isa = PBXAggregateTarget;
			buildConfigurationList = 26C5B3A41DFFF4350088BFF8 /* Build configuration list for PBXAggregateTarget "Build" */;
			buildPhases = (
				26C5B3A71DFFF4490088BFF8 /* ShellScript */,
			);
			dependencies = (
			);
			name = Build;
			productName = Build;
		};
/* End PBXAggregateTarget section */

/* Begin PBXBuildFile section */
		2636B8591E1E2F2A00A67C84 /* Weather.xml in Resources */ = {isa = PBXBuildFile; fileRef = 2636B8581E1E2F2A00A67C84 /* Weather.xml */; };
		2636B87A1E1E42D200A67C84 /* PCCWTableViewCell.h in Headers */ = {isa = PBXBuildFile; fileRef = 2636B8681E1E42D200A67C84 /* PCCWTableViewCell.h */; settings = {ATTRIBUTES = (Public, ); }; };
		2636B87B1E1E42D200A67C84 /* PCCWTableViewCell.m in Sources */ = {isa = PBXBuildFile; fileRef = 2636B8691E1E42D200A67C84 /* PCCWTableViewCell.m */; };
		2636B87E1E1E42D200A67C84 /* PCCWViewController.h in Headers */ = {isa = PBXBuildFile; fileRef = 2636B86C1E1E42D200A67C84 /* PCCWViewController.h */; settings = {ATTRIBUTES = (Public, ); }; };
		2636B87F1E1E42D200A67C84 /* PCCWViewController.m in Sources */ = {isa = PBXBuildFile; fileRef = 2636B86D1E1E42D200A67C84 /* PCCWViewController.m */; };
		2636B8801E1E42D200A67C84 /* PCCWTableViewController.h in Headers */ = {isa = PBXBuildFile; fileRef = 2636B86E1E1E42D200A67C84 /* PCCWTableViewController.h */; settings = {ATTRIBUTES = (Public, ); }; };
		2636B8811E1E42D200A67C84 /* PCCWTableViewController.m in Sources */ = {isa = PBXBuildFile; fileRef = 2636B86F1E1E42D200A67C84 /* PCCWTableViewController.m */; };
		2636B8821E1E42D200A67C84 /* PCCWStaticTableViewController.h in Headers */ = {isa = PBXBuildFile; fileRef = 2636B8701E1E42D200A67C84 /* PCCWStaticTableViewController.h */; settings = {ATTRIBUTES = (Public, ); }; };
		2636B8831E1E42D200A67C84 /* PCCWStaticTableViewController.m in Sources */ = {isa = PBXBuildFile; fileRef = 2636B8711E1E42D200A67C84 /* PCCWStaticTableViewController.m */; };
		2636B8841E1E42D200A67C84 /* PCCWTableViewHeaderFooterView.h in Headers */ = {isa = PBXBuildFile; fileRef = 2636B8721E1E42D200A67C84 /* PCCWTableViewHeaderFooterView.h */; settings = {ATTRIBUTES = (Public, ); }; };
		2636B8851E1E42D200A67C84 /* PCCWTableViewHeaderFooterView.m in Sources */ = {isa = PBXBuildFile; fileRef = 2636B8731E1E42D200A67C84 /* PCCWTableViewHeaderFooterView.m */; };
		2636B88A1E1E42D200A67C84 /* PCCWTabBarViewController.h in Headers */ = {isa = PBXBuildFile; fileRef = 2636B8781E1E42D200A67C84 /* PCCWTabBarViewController.h */; settings = {ATTRIBUTES = (Public, ); }; };
		2636B88B1E1E42D200A67C84 /* PCCWTabBarViewController.m in Sources */ = {isa = PBXBuildFile; fileRef = 2636B8791E1E42D200A67C84 /* PCCWTabBarViewController.m */; };
		266F6A551E1E1E0A006E210E /* PCCWException.h in Headers */ = {isa = PBXBuildFile; fileRef = 266F6A531E1E1E0A006E210E /* PCCWException.h */; settings = {ATTRIBUTES = (Public, ); }; };
		266F6A561E1E1E0A006E210E /* PCCWException.m in Sources */ = {isa = PBXBuildFile; fileRef = 266F6A541E1E1E0A006E210E /* PCCWException.m */; };
		266F6A591E1E1F14006E210E /* UIAlertController+Blocks.h in Headers */ = {isa = PBXBuildFile; fileRef = 266F6A571E1E1F14006E210E /* UIAlertController+Blocks.h */; settings = {ATTRIBUTES = (Public, ); }; };
		266F6A5A1E1E1F14006E210E /* UIAlertController+Blocks.m in Sources */ = {isa = PBXBuildFile; fileRef = 266F6A581E1E1F14006E210E /* UIAlertController+Blocks.m */; };
		266F6A5C1E1E201D006E210E /* PCCWFoundation-prefix.pch in Headers */ = {isa = PBXBuildFile; fileRef = 266F6A5B1E1E201D006E210E /* PCCWFoundation-prefix.pch */; settings = {ATTRIBUTES = (Public, ); }; };
		268DB3E21E1FA40A001085B2 /* PCCWHUDHandler.h in Headers */ = {isa = PBXBuildFile; fileRef = 268DB3E01E1FA40A001085B2 /* PCCWHUDHandler.h */; settings = {ATTRIBUTES = (Public, ); }; };
		268DB3E31E1FA40A001085B2 /* PCCWHUDHandler.m in Sources */ = {isa = PBXBuildFile; fileRef = 268DB3E11E1FA40A001085B2 /* PCCWHUDHandler.m */; };
		26A25CD41E228EC700693AF2 /* AFNetworkActivityLogger.framework in Frameworks */ = {isa = PBXBuildFile; fileRef = 26A25CCC1E228EC700693AF2 /* AFNetworkActivityLogger.framework */; };
		26A25CD51E228EC700693AF2 /* AFNetworking.framework in Frameworks */ = {isa = PBXBuildFile; fileRef = 26A25CCD1E228EC700693AF2 /* AFNetworking.framework */; };
		26A25CD61E228EC700693AF2 /* FDTemplateLayoutCell.framework in Frameworks */ = {isa = PBXBuildFile; fileRef = 26A25CCE1E228EC700693AF2 /* FDTemplateLayoutCell.framework */; };
		26A25CD71E228EC700693AF2 /* FMDB.framework in Frameworks */ = {isa = PBXBuildFile; fileRef = 26A25CCF1E228EC700693AF2 /* FMDB.framework */; };
		26A25CD81E228EC700693AF2 /* JSONModel.framework in Frameworks */ = {isa = PBXBuildFile; fileRef = 26A25CD01E228EC700693AF2 /* JSONModel.framework */; };
		26A25CD91E228EC700693AF2 /* KissXML.framework in Frameworks */ = {isa = PBXBuildFile; fileRef = 26A25CD11E228EC700693AF2 /* KissXML.framework */; };
		26A25CDA1E228EC700693AF2 /* MBProgressHUD.framework in Frameworks */ = {isa = PBXBuildFile; fileRef = 26A25CD21E228EC700693AF2 /* MBProgressHUD.framework */; };
		26A25CDB1E228EC700693AF2 /* MJRefresh.framework in Frameworks */ = {isa = PBXBuildFile; fileRef = 26A25CD31E228EC700693AF2 /* MJRefresh.framework */; };
		26A4C86B1E03D2BB005BE5FC /* User.xml in Resources */ = {isa = PBXBuildFile; fileRef = 26A4C86A1E03D2BB005BE5FC /* User.xml */; };
		26C5B3901DFFE3060088BFF8 /* PCCWFoundationTests.m in Sources */ = {isa = PBXBuildFile; fileRef = 26C5B38F1DFFE3060088BFF8 /* PCCWFoundationTests.m */; };
		26C5B3921DFFE3060088BFF8 /* PCCWFoundation.h in Headers */ = {isa = PBXBuildFile; fileRef = 26C5B3841DFFE3050088BFF8 /* PCCWFoundation.h */; settings = {ATTRIBUTES = (Public, ); }; };
		26C5B3A11DFFF3270088BFF8 /* PCCWModel.h in Headers */ = {isa = PBXBuildFile; fileRef = 26C5B39F1DFFF3270088BFF8 /* PCCWModel.h */; settings = {ATTRIBUTES = (Public, ); }; };
		26C5B3A21DFFF3270088BFF8 /* PCCWModel.m in Sources */ = {isa = PBXBuildFile; fileRef = 26C5B3A01DFFF3270088BFF8 /* PCCWModel.m */; };
		26D4E8611E00FB1F00D82973 /* PCCWWebServiceRequestSerializer.h in Headers */ = {isa = PBXBuildFile; fileRef = 26D4E85F1E00FB1F00D82973 /* PCCWWebServiceRequestSerializer.h */; settings = {ATTRIBUTES = (Public, ); }; };
		26D4E8621E00FB1F00D82973 /* PCCWWebServiceRequestSerializer.m in Sources */ = {isa = PBXBuildFile; fileRef = 26D4E8601E00FB1F00D82973 /* PCCWWebServiceRequestSerializer.m */; };
		26D4E8651E00FB4B00D82973 /* PCCWWebServiceReponseSerializer.h in Headers */ = {isa = PBXBuildFile; fileRef = 26D4E8631E00FB4B00D82973 /* PCCWWebServiceReponseSerializer.h */; settings = {ATTRIBUTES = (Public, ); }; };
		26D4E8661E00FB4B00D82973 /* PCCWWebServiceReponseSerializer.m in Sources */ = {isa = PBXBuildFile; fileRef = 26D4E8641E00FB4B00D82973 /* PCCWWebServiceReponseSerializer.m */; };
		26D4E8691E0120EF00D82973 /* PCCWNotificationManager.h in Headers */ = {isa = PBXBuildFile; fileRef = 26D4E8671E0120EF00D82973 /* PCCWNotificationManager.h */; settings = {ATTRIBUTES = (Public, ); }; };
		26D4E86A1E0120EF00D82973 /* PCCWNotificationManager.m in Sources */ = {isa = PBXBuildFile; fileRef = 26D4E8681E0120EF00D82973 /* PCCWNotificationManager.m */; };
		26D4E86D1E01220600D82973 /* PCCWNetworkServices.h in Headers */ = {isa = PBXBuildFile; fileRef = 26D4E86B1E01220600D82973 /* PCCWNetworkServices.h */; settings = {ATTRIBUTES = (Public, ); }; };
		26D4E86E1E01220600D82973 /* PCCWNetworkServices.m in Sources */ = {isa = PBXBuildFile; fileRef = 26D4E86C1E01220600D82973 /* PCCWNetworkServices.m */; };
		26D4E8711E0131FA00D82973 /* PCCWWSDLParsers.h in Headers */ = {isa = PBXBuildFile; fileRef = 26D4E86F1E0131FA00D82973 /* PCCWWSDLParsers.h */; settings = {ATTRIBUTES = (Public, ); }; };
		26D4E8721E0131FA00D82973 /* PCCWWSDLParsers.m in Sources */ = {isa = PBXBuildFile; fileRef = 26D4E8701E0131FA00D82973 /* PCCWWSDLParsers.m */; };
		26DA09861E2365D40027FAA7 /* PCCWWebViewJavascriptBridge.framework in Frameworks */ = {isa = PBXBuildFile; fileRef = 26DA09851E2365D40027FAA7 /* PCCWWebViewJavascriptBridge.framework */; };
		26DA09891E2366730027FAA7 /* PCCWMKWebView.h in Headers */ = {isa = PBXBuildFile; fileRef = 26DA09871E2366730027FAA7 /* PCCWMKWebView.h */; settings = {ATTRIBUTES = (Public, ); }; };
		26DA098A1E2366730027FAA7 /* PCCWMKWebView.m in Sources */ = {isa = PBXBuildFile; fileRef = 26DA09881E2366730027FAA7 /* PCCWMKWebView.m */; };
		26DA098C1E236A510027FAA7 /* Masonry.framework in Frameworks */ = {isa = PBXBuildFile; fileRef = 26DA098B1E236A510027FAA7 /* Masonry.framework */; };
		26DA09A01E2379E40027FAA7 /* NMListViewModel.h in Headers */ = {isa = PBXBuildFile; fileRef = 26DA099A1E2379E40027FAA7 /* NMListViewModel.h */; };
		26DA09A11E2379E40027FAA7 /* NMListViewModel.m in Sources */ = {isa = PBXBuildFile; fileRef = 26DA099B1E2379E40027FAA7 /* NMListViewModel.m */; };
		26DA09A21E2379E40027FAA7 /* NMViewModel.h in Headers */ = {isa = PBXBuildFile; fileRef = 26DA099C1E2379E40027FAA7 /* NMViewModel.h */; };
		26DA09A31E2379E40027FAA7 /* NMViewModel.m in Sources */ = {isa = PBXBuildFile; fileRef = 26DA099D1E2379E40027FAA7 /* NMViewModel.m */; };
		26DA09A41E2379E40027FAA7 /* NMMenuViewModel.h in Headers */ = {isa = PBXBuildFile; fileRef = 26DA099E1E2379E40027FAA7 /* NMMenuViewModel.h */; };
		26DA09A51E2379E40027FAA7 /* NMMenuViewModel.m in Sources */ = {isa = PBXBuildFile; fileRef = 26DA099F1E2379E40027FAA7 /* NMMenuViewModel.m */; };
		26DA09A81E237A550027FAA7 /* NMDatabaseService.h in Headers */ = {isa = PBXBuildFile; fileRef = 26DA09A61E237A550027FAA7 /* NMDatabaseService.h */; };
		26DA09A91E237A550027FAA7 /* NMDatabaseService.m in Sources */ = {isa = PBXBuildFile; fileRef = 26DA09A71E237A550027FAA7 /* NMDatabaseService.m */; };
		26DA09AC1E237D790027FAA7 /* UIView+PCCWCornerRadius.h in Headers */ = {isa = PBXBuildFile; fileRef = 26DA09AA1E237D790027FAA7 /* UIView+PCCWCornerRadius.h */; };
		26DA09AD1E237D790027FAA7 /* UIView+PCCWCornerRadius.m in Sources */ = {isa = PBXBuildFile; fileRef = 26DA09AB1E237D790027FAA7 /* UIView+PCCWCornerRadius.m */; };
/* End PBXBuildFile section */

/* Begin PBXContainerItemProxy section */
		26994D321E20E5BE00AB1514 /* PBXContainerItemProxy */ = {
			isa = PBXContainerItemProxy;
			containerPortal = 26C5B3781DFFE3050088BFF8 /* Project object */;
			proxyType = 1;
			remoteGlobalIDString = 26C5B3801DFFE3050088BFF8;
			remoteInfo = PCCWFoundation;
		};
/* End PBXContainerItemProxy section */

/* Begin PBXCopyFilesBuildPhase section */
		266F6A4D1E1E0FE2006E210E /* CopyFiles */ = {
			isa = PBXCopyFilesBuildPhase;
			buildActionMask = 12;
			dstPath = "";
			dstSubfolderSpec = 10;
			files = (
			);
			runOnlyForDeploymentPostprocessing = 0;
		};
/* End PBXCopyFilesBuildPhase section */

/* Begin PBXFileReference section */
		2636B8581E1E2F2A00A67C84 /* Weather.xml */ = {isa = PBXFileReference; fileEncoding = 4; lastKnownFileType = text.xml; path = Weather.xml; sourceTree = "<group>"; };
		2636B8681E1E42D200A67C84 /* PCCWTableViewCell.h */ = {isa = PBXFileReference; fileEncoding = 4; lastKnownFileType = sourcecode.c.h; path = PCCWTableViewCell.h; sourceTree = "<group>"; };
		2636B8691E1E42D200A67C84 /* PCCWTableViewCell.m */ = {isa = PBXFileReference; fileEncoding = 4; lastKnownFileType = sourcecode.c.objc; path = PCCWTableViewCell.m; sourceTree = "<group>"; };
		2636B86C1E1E42D200A67C84 /* PCCWViewController.h */ = {isa = PBXFileReference; fileEncoding = 4; lastKnownFileType = sourcecode.c.h; path = PCCWViewController.h; sourceTree = "<group>"; };
		2636B86D1E1E42D200A67C84 /* PCCWViewController.m */ = {isa = PBXFileReference; fileEncoding = 4; lastKnownFileType = sourcecode.c.objc; path = PCCWViewController.m; sourceTree = "<group>"; };
		2636B86E1E1E42D200A67C84 /* PCCWTableViewController.h */ = {isa = PBXFileReference; fileEncoding = 4; lastKnownFileType = sourcecode.c.h; path = PCCWTableViewController.h; sourceTree = "<group>"; };
		2636B86F1E1E42D200A67C84 /* PCCWTableViewController.m */ = {isa = PBXFileReference; fileEncoding = 4; lastKnownFileType = sourcecode.c.objc; path = PCCWTableViewController.m; sourceTree = "<group>"; };
		2636B8701E1E42D200A67C84 /* PCCWStaticTableViewController.h */ = {isa = PBXFileReference; fileEncoding = 4; lastKnownFileType = sourcecode.c.h; path = PCCWStaticTableViewController.h; sourceTree = "<group>"; };
		2636B8711E1E42D200A67C84 /* PCCWStaticTableViewController.m */ = {isa = PBXFileReference; fileEncoding = 4; lastKnownFileType = sourcecode.c.objc; path = PCCWStaticTableViewController.m; sourceTree = "<group>"; };
		2636B8721E1E42D200A67C84 /* PCCWTableViewHeaderFooterView.h */ = {isa = PBXFileReference; fileEncoding = 4; lastKnownFileType = sourcecode.c.h; path = PCCWTableViewHeaderFooterView.h; sourceTree = "<group>"; };
		2636B8731E1E42D200A67C84 /* PCCWTableViewHeaderFooterView.m */ = {isa = PBXFileReference; fileEncoding = 4; lastKnownFileType = sourcecode.c.objc; path = PCCWTableViewHeaderFooterView.m; sourceTree = "<group>"; };
		2636B8781E1E42D200A67C84 /* PCCWTabBarViewController.h */ = {isa = PBXFileReference; fileEncoding = 4; lastKnownFileType = sourcecode.c.h; path = PCCWTabBarViewController.h; sourceTree = "<group>"; };
		2636B8791E1E42D200A67C84 /* PCCWTabBarViewController.m */ = {isa = PBXFileReference; fileEncoding = 4; lastKnownFileType = sourcecode.c.objc; path = PCCWTabBarViewController.m; sourceTree = "<group>"; };
		266F6A531E1E1E0A006E210E /* PCCWException.h */ = {isa = PBXFileReference; fileEncoding = 4; lastKnownFileType = sourcecode.c.h; path = PCCWException.h; sourceTree = "<group>"; };
		266F6A541E1E1E0A006E210E /* PCCWException.m */ = {isa = PBXFileReference; fileEncoding = 4; lastKnownFileType = sourcecode.c.objc; path = PCCWException.m; sourceTree = "<group>"; };
		266F6A571E1E1F14006E210E /* UIAlertController+Blocks.h */ = {isa = PBXFileReference; fileEncoding = 4; lastKnownFileType = sourcecode.c.h; path = "UIAlertController+Blocks.h"; sourceTree = "<group>"; };
		266F6A581E1E1F14006E210E /* UIAlertController+Blocks.m */ = {isa = PBXFileReference; fileEncoding = 4; lastKnownFileType = sourcecode.c.objc; path = "UIAlertController+Blocks.m"; sourceTree = "<group>"; };
		266F6A5B1E1E201D006E210E /* PCCWFoundation-prefix.pch */ = {isa = PBXFileReference; fileEncoding = 4; lastKnownFileType = sourcecode.c.h; path = "PCCWFoundation-prefix.pch"; sourceTree = "<group>"; };
		268DB3E01E1FA40A001085B2 /* PCCWHUDHandler.h */ = {isa = PBXFileReference; fileEncoding = 4; lastKnownFileType = sourcecode.c.h; path = PCCWHUDHandler.h; sourceTree = "<group>"; };
		268DB3E11E1FA40A001085B2 /* PCCWHUDHandler.m */ = {isa = PBXFileReference; fileEncoding = 4; lastKnownFileType = sourcecode.c.objc; path = PCCWHUDHandler.m; sourceTree = "<group>"; };
		26994D611E20F3B200AB1514 /* README.md */ = {isa = PBXFileReference; fileEncoding = 4; lastKnownFileType = net.daringfireball.markdown; path = README.md; sourceTree = "<group>"; };
		26A25CCC1E228EC700693AF2 /* AFNetworkActivityLogger.framework */ = {isa = PBXFileReference; lastKnownFileType = wrapper.framework; name = AFNetworkActivityLogger.framework; path = Carthage/Build/iOS/AFNetworkActivityLogger.framework; sourceTree = "<group>"; };
		26A25CCD1E228EC700693AF2 /* AFNetworking.framework */ = {isa = PBXFileReference; lastKnownFileType = wrapper.framework; name = AFNetworking.framework; path = Carthage/Build/iOS/AFNetworking.framework; sourceTree = "<group>"; };
		26A25CCE1E228EC700693AF2 /* FDTemplateLayoutCell.framework */ = {isa = PBXFileReference; lastKnownFileType = wrapper.framework; name = FDTemplateLayoutCell.framework; path = Carthage/Build/iOS/FDTemplateLayoutCell.framework; sourceTree = "<group>"; };
		26A25CCF1E228EC700693AF2 /* FMDB.framework */ = {isa = PBXFileReference; lastKnownFileType = wrapper.framework; name = FMDB.framework; path = Carthage/Build/iOS/FMDB.framework; sourceTree = "<group>"; };
		26A25CD01E228EC700693AF2 /* JSONModel.framework */ = {isa = PBXFileReference; lastKnownFileType = wrapper.framework; name = JSONModel.framework; path = Carthage/Build/iOS/JSONModel.framework; sourceTree = "<group>"; };
		26A25CD11E228EC700693AF2 /* KissXML.framework */ = {isa = PBXFileReference; lastKnownFileType = wrapper.framework; name = KissXML.framework; path = Carthage/Build/iOS/KissXML.framework; sourceTree = "<group>"; };
		26A25CD21E228EC700693AF2 /* MBProgressHUD.framework */ = {isa = PBXFileReference; lastKnownFileType = wrapper.framework; name = MBProgressHUD.framework; path = Carthage/Build/iOS/MBProgressHUD.framework; sourceTree = "<group>"; };
		26A25CD31E228EC700693AF2 /* MJRefresh.framework */ = {isa = PBXFileReference; lastKnownFileType = wrapper.framework; name = MJRefresh.framework; path = Carthage/Build/iOS/MJRefresh.framework; sourceTree = "<group>"; };
		26A4C86A1E03D2BB005BE5FC /* User.xml */ = {isa = PBXFileReference; fileEncoding = 4; lastKnownFileType = text.xml; path = User.xml; sourceTree = "<group>"; };
		26C5B3811DFFE3050088BFF8 /* PCCWFoundation.framework */ = {isa = PBXFileReference; explicitFileType = wrapper.framework; includeInIndex = 0; path = PCCWFoundation.framework; sourceTree = BUILT_PRODUCTS_DIR; };
		26C5B3841DFFE3050088BFF8 /* PCCWFoundation.h */ = {isa = PBXFileReference; lastKnownFileType = sourcecode.c.h; path = PCCWFoundation.h; sourceTree = "<group>"; };
		26C5B3851DFFE3050088BFF8 /* Info.plist */ = {isa = PBXFileReference; lastKnownFileType = text.plist.xml; path = Info.plist; sourceTree = "<group>"; };
		26C5B38A1DFFE3060088BFF8 /* PCCWFoundationTests.xctest */ = {isa = PBXFileReference; explicitFileType = wrapper.cfbundle; includeInIndex = 0; path = PCCWFoundationTests.xctest; sourceTree = BUILT_PRODUCTS_DIR; };
		26C5B38F1DFFE3060088BFF8 /* PCCWFoundationTests.m */ = {isa = PBXFileReference; lastKnownFileType = sourcecode.c.objc; path = PCCWFoundationTests.m; sourceTree = "<group>"; };
		26C5B3911DFFE3060088BFF8 /* Info.plist */ = {isa = PBXFileReference; lastKnownFileType = text.plist.xml; path = Info.plist; sourceTree = "<group>"; };
		26C5B39F1DFFF3270088BFF8 /* PCCWModel.h */ = {isa = PBXFileReference; fileEncoding = 4; lastKnownFileType = sourcecode.c.h; path = PCCWModel.h; sourceTree = "<group>"; };
		26C5B3A01DFFF3270088BFF8 /* PCCWModel.m */ = {isa = PBXFileReference; fileEncoding = 4; lastKnownFileType = sourcecode.c.objc; path = PCCWModel.m; sourceTree = "<group>"; };
		26D4E85F1E00FB1F00D82973 /* PCCWWebServiceRequestSerializer.h */ = {isa = PBXFileReference; fileEncoding = 4; lastKnownFileType = sourcecode.c.h; path = PCCWWebServiceRequestSerializer.h; sourceTree = "<group>"; };
		26D4E8601E00FB1F00D82973 /* PCCWWebServiceRequestSerializer.m */ = {isa = PBXFileReference; fileEncoding = 4; lastKnownFileType = sourcecode.c.objc; path = PCCWWebServiceRequestSerializer.m; sourceTree = "<group>"; };
		26D4E8631E00FB4B00D82973 /* PCCWWebServiceReponseSerializer.h */ = {isa = PBXFileReference; fileEncoding = 4; lastKnownFileType = sourcecode.c.h; path = PCCWWebServiceReponseSerializer.h; sourceTree = "<group>"; };
		26D4E8641E00FB4B00D82973 /* PCCWWebServiceReponseSerializer.m */ = {isa = PBXFileReference; fileEncoding = 4; lastKnownFileType = sourcecode.c.objc; path = PCCWWebServiceReponseSerializer.m; sourceTree = "<group>"; };
		26D4E8671E0120EF00D82973 /* PCCWNotificationManager.h */ = {isa = PBXFileReference; fileEncoding = 4; lastKnownFileType = sourcecode.c.h; path = PCCWNotificationManager.h; sourceTree = "<group>"; };
		26D4E8681E0120EF00D82973 /* PCCWNotificationManager.m */ = {isa = PBXFileReference; fileEncoding = 4; lastKnownFileType = sourcecode.c.objc; path = PCCWNotificationManager.m; sourceTree = "<group>"; };
		26D4E86B1E01220600D82973 /* PCCWNetworkServices.h */ = {isa = PBXFileReference; fileEncoding = 4; lastKnownFileType = sourcecode.c.h; path = PCCWNetworkServices.h; sourceTree = "<group>"; };
		26D4E86C1E01220600D82973 /* PCCWNetworkServices.m */ = {isa = PBXFileReference; fileEncoding = 4; lastKnownFileType = sourcecode.c.objc; path = PCCWNetworkServices.m; sourceTree = "<group>"; };
		26D4E86F1E0131FA00D82973 /* PCCWWSDLParsers.h */ = {isa = PBXFileReference; fileEncoding = 4; lastKnownFileType = sourcecode.c.h; path = PCCWWSDLParsers.h; sourceTree = "<group>"; };
		26D4E8701E0131FA00D82973 /* PCCWWSDLParsers.m */ = {isa = PBXFileReference; fileEncoding = 4; lastKnownFileType = sourcecode.c.objc; path = PCCWWSDLParsers.m; sourceTree = "<group>"; };
		26DA09851E2365D40027FAA7 /* PCCWWebViewJavascriptBridge.framework */ = {isa = PBXFileReference; lastKnownFileType = wrapper.framework; name = PCCWWebViewJavascriptBridge.framework; path = Carthage/Build/iOS/PCCWWebViewJavascriptBridge.framework; sourceTree = "<group>"; };
		26DA09871E2366730027FAA7 /* PCCWMKWebView.h */ = {isa = PBXFileReference; fileEncoding = 4; lastKnownFileType = sourcecode.c.h; path = PCCWMKWebView.h; sourceTree = "<group>"; };
		26DA09881E2366730027FAA7 /* PCCWMKWebView.m */ = {isa = PBXFileReference; fileEncoding = 4; lastKnownFileType = sourcecode.c.objc; path = PCCWMKWebView.m; sourceTree = "<group>"; };
		26DA098B1E236A510027FAA7 /* Masonry.framework */ = {isa = PBXFileReference; lastKnownFileType = wrapper.framework; name = Masonry.framework; path = Carthage/Build/iOS/Masonry.framework; sourceTree = "<group>"; };
		26DA099A1E2379E40027FAA7 /* NMListViewModel.h */ = {isa = PBXFileReference; fileEncoding = 4; lastKnownFileType = sourcecode.c.h; path = NMListViewModel.h; sourceTree = "<group>"; };
		26DA099B1E2379E40027FAA7 /* NMListViewModel.m */ = {isa = PBXFileReference; fileEncoding = 4; lastKnownFileType = sourcecode.c.objc; path = NMListViewModel.m; sourceTree = "<group>"; };
		26DA099C1E2379E40027FAA7 /* NMViewModel.h */ = {isa = PBXFileReference; fileEncoding = 4; lastKnownFileType = sourcecode.c.h; path = NMViewModel.h; sourceTree = "<group>"; };
		26DA099D1E2379E40027FAA7 /* NMViewModel.m */ = {isa = PBXFileReference; fileEncoding = 4; lastKnownFileType = sourcecode.c.objc; path = NMViewModel.m; sourceTree = "<group>"; };
		26DA099E1E2379E40027FAA7 /* NMMenuViewModel.h */ = {isa = PBXFileReference; fileEncoding = 4; lastKnownFileType = sourcecode.c.h; path = NMMenuViewModel.h; sourceTree = "<group>"; };
		26DA099F1E2379E40027FAA7 /* NMMenuViewModel.m */ = {isa = PBXFileReference; fileEncoding = 4; lastKnownFileType = sourcecode.c.objc; path = NMMenuViewModel.m; sourceTree = "<group>"; };
		26DA09A61E237A550027FAA7 /* NMDatabaseService.h */ = {isa = PBXFileReference; fileEncoding = 4; lastKnownFileType = sourcecode.c.h; path = NMDatabaseService.h; sourceTree = "<group>"; };
		26DA09A71E237A550027FAA7 /* NMDatabaseService.m */ = {isa = PBXFileReference; fileEncoding = 4; lastKnownFileType = sourcecode.c.objc; path = NMDatabaseService.m; sourceTree = "<group>"; };
		26DA09AA1E237D790027FAA7 /* UIView+PCCWCornerRadius.h */ = {isa = PBXFileReference; fileEncoding = 4; lastKnownFileType = sourcecode.c.h; path = "UIView+PCCWCornerRadius.h"; sourceTree = "<group>"; };
		26DA09AB1E237D790027FAA7 /* UIView+PCCWCornerRadius.m */ = {isa = PBXFileReference; fileEncoding = 4; lastKnownFileType = sourcecode.c.objc; path = "UIView+PCCWCornerRadius.m"; sourceTree = "<group>"; };
/* End PBXFileReference section */

/* Begin PBXFrameworksBuildPhase section */
		26C5B37D1DFFE3050088BFF8 /* Frameworks */ = {
			isa = PBXFrameworksBuildPhase;
			buildActionMask = 2147483647;
			files = (
				26A25CD81E228EC700693AF2 /* JSONModel.framework in Frameworks */,
				26A25CDA1E228EC700693AF2 /* MBProgressHUD.framework in Frameworks */,
				26DA098C1E236A510027FAA7 /* Masonry.framework in Frameworks */,
				26A25CD61E228EC700693AF2 /* FDTemplateLayoutCell.framework in Frameworks */,
				26A25CD41E228EC700693AF2 /* AFNetworkActivityLogger.framework in Frameworks */,
				26A25CD51E228EC700693AF2 /* AFNetworking.framework in Frameworks */,
				26DA09861E2365D40027FAA7 /* PCCWWebViewJavascriptBridge.framework in Frameworks */,
				26A25CDB1E228EC700693AF2 /* MJRefresh.framework in Frameworks */,
				26A25CD91E228EC700693AF2 /* KissXML.framework in Frameworks */,
				26A25CD71E228EC700693AF2 /* FMDB.framework in Frameworks */,
			);
			runOnlyForDeploymentPostprocessing = 0;
		};
		26C5B3871DFFE3060088BFF8 /* Frameworks */ = {
			isa = PBXFrameworksBuildPhase;
			buildActionMask = 2147483647;
			files = (
			);
			runOnlyForDeploymentPostprocessing = 0;
		};
/* End PBXFrameworksBuildPhase section */

/* Begin PBXGroup section */
		26A25CCB1E228E8E00693AF2 /* Dependency */ = {
			isa = PBXGroup;
			children = (
				26DA098B1E236A510027FAA7 /* Masonry.framework */,
				26DA09851E2365D40027FAA7 /* PCCWWebViewJavascriptBridge.framework */,
				26A25CCC1E228EC700693AF2 /* AFNetworkActivityLogger.framework */,
				26A25CCD1E228EC700693AF2 /* AFNetworking.framework */,
				26A25CCE1E228EC700693AF2 /* FDTemplateLayoutCell.framework */,
				26A25CCF1E228EC700693AF2 /* FMDB.framework */,
				26A25CD01E228EC700693AF2 /* JSONModel.framework */,
				26A25CD11E228EC700693AF2 /* KissXML.framework */,
				26A25CD21E228EC700693AF2 /* MBProgressHUD.framework */,
				26A25CD31E228EC700693AF2 /* MJRefresh.framework */,
			);
			name = Dependency;
			sourceTree = "<group>";
		};
		26C5B3771DFFE3050088BFF8 = {
			isa = PBXGroup;
			children = (
				26994D611E20F3B200AB1514 /* README.md */,
				26A25CCB1E228E8E00693AF2 /* Dependency */,
				26C5B3831DFFE3050088BFF8 /* PCCWFoundation */,
				26C5B38E1DFFE3060088BFF8 /* PCCWFoundationTests */,
				26C5B3821DFFE3050088BFF8 /* Products */,
			);
			sourceTree = "<group>";
		};
		26C5B3821DFFE3050088BFF8 /* Products */ = {
			isa = PBXGroup;
			children = (
				26C5B3811DFFE3050088BFF8 /* PCCWFoundation.framework */,
				26C5B38A1DFFE3060088BFF8 /* PCCWFoundationTests.xctest */,
			);
			name = Products;
			sourceTree = "<group>";
		};
		26C5B3831DFFE3050088BFF8 /* PCCWFoundation */ = {
			isa = PBXGroup;
			children = (
				26C5B3841DFFE3050088BFF8 /* PCCWFoundation.h */,
				266F6A5B1E1E201D006E210E /* PCCWFoundation-prefix.pch */,
				26C5B3851DFFE3050088BFF8 /* Info.plist */,
				5B875A6E06D9E2D35901C019 /* Model */,
				5B87504D0BF4BE00C748C2BC /* Network */,
				5B87591F27D563D02420CC68 /* Notification */,
				5B8758520E3BD4A5D72DAEE1 /* Views */,
				5B875CC82613C2E6E618315E /* ViewModels */,
				5B875659E1620856422745FC /* Exceptions */,
				5B875894BCBA15684BB0E2B2 /* Extensions */,
				5B87535E925656D051560B22 /* Database */,
			);
			path = PCCWFoundation;
			sourceTree = "<group>";
		};
		26C5B38E1DFFE3060088BFF8 /* PCCWFoundationTests */ = {
			isa = PBXGroup;
			children = (
				26A4C86A1E03D2BB005BE5FC /* User.xml */,
				2636B8581E1E2F2A00A67C84 /* Weather.xml */,
				26C5B38F1DFFE3060088BFF8 /* PCCWFoundationTests.m */,
				26C5B3911DFFE3060088BFF8 /* Info.plist */,
			);
			path = PCCWFoundationTests;
			sourceTree = "<group>";
		};
		5B87504D0BF4BE00C748C2BC /* Network */ = {
			isa = PBXGroup;
			children = (
				26D4E86B1E01220600D82973 /* PCCWNetworkServices.h */,
				26D4E86C1E01220600D82973 /* PCCWNetworkServices.m */,
				26D4E85F1E00FB1F00D82973 /* PCCWWebServiceRequestSerializer.h */,
				26D4E8601E00FB1F00D82973 /* PCCWWebServiceRequestSerializer.m */,
				26D4E8631E00FB4B00D82973 /* PCCWWebServiceReponseSerializer.h */,
				26D4E8641E00FB4B00D82973 /* PCCWWebServiceReponseSerializer.m */,
				26D4E86F1E0131FA00D82973 /* PCCWWSDLParsers.h */,
				26D4E8701E0131FA00D82973 /* PCCWWSDLParsers.m */,
			);
			path = Network;
			sourceTree = "<group>";
		};
		5B87535E925656D051560B22 /* Database */ = {
			isa = PBXGroup;
			children = (
				26DA09A61E237A550027FAA7 /* NMDatabaseService.h */,
				26DA09A71E237A550027FAA7 /* NMDatabaseService.m */,
			);
			path = Database;
			sourceTree = "<group>";
		};
		5B875659E1620856422745FC /* Exceptions */ = {
			isa = PBXGroup;
			children = (
				268DB3E01E1FA40A001085B2 /* PCCWHUDHandler.h */,
				268DB3E11E1FA40A001085B2 /* PCCWHUDHandler.m */,
				266F6A531E1E1E0A006E210E /* PCCWException.h */,
				266F6A541E1E1E0A006E210E /* PCCWException.m */,
			);
			path = Exceptions;
			sourceTree = "<group>";
		};
		5B87582ABDB0F6964CA4BF31 /* Base */ = {
			isa = PBXGroup;
			children = (
				2636B8681E1E42D200A67C84 /* PCCWTableViewCell.h */,
				2636B8691E1E42D200A67C84 /* PCCWTableViewCell.m */,
				2636B86C1E1E42D200A67C84 /* PCCWViewController.h */,
				2636B86D1E1E42D200A67C84 /* PCCWViewController.m */,
				2636B86E1E1E42D200A67C84 /* PCCWTableViewController.h */,
				2636B86F1E1E42D200A67C84 /* PCCWTableViewController.m */,
				2636B8701E1E42D200A67C84 /* PCCWStaticTableViewController.h */,
				2636B8711E1E42D200A67C84 /* PCCWStaticTableViewController.m */,
				2636B8721E1E42D200A67C84 /* PCCWTableViewHeaderFooterView.h */,
				2636B8731E1E42D200A67C84 /* PCCWTableViewHeaderFooterView.m */,
				2636B8781E1E42D200A67C84 /* PCCWTabBarViewController.h */,
				2636B8791E1E42D200A67C84 /* PCCWTabBarViewController.m */,
			);
			path = Base;
			sourceTree = "<group>";
		};
		5B8758520E3BD4A5D72DAEE1 /* Views */ = {
			isa = PBXGroup;
			children = (
				5B87582ABDB0F6964CA4BF31 /* Base */,
				26DA09871E2366730027FAA7 /* PCCWMKWebView.h */,
				26DA09881E2366730027FAA7 /* PCCWMKWebView.m */,
			);
			path = Views;
			sourceTree = "<group>";
		};
		5B875894BCBA15684BB0E2B2 /* Extensions */ = {
			isa = PBXGroup;
			children = (
				26DA09AA1E237D790027FAA7 /* UIView+PCCWCornerRadius.h */,
				26DA09AB1E237D790027FAA7 /* UIView+PCCWCornerRadius.m */,
				266F6A571E1E1F14006E210E /* UIAlertController+Blocks.h */,
				266F6A581E1E1F14006E210E /* UIAlertController+Blocks.m */,
			);
			path = Extensions;
			sourceTree = "<group>";
		};
		5B87591F27D563D02420CC68 /* Notification */ = {
			isa = PBXGroup;
			children = (
				26D4E8671E0120EF00D82973 /* PCCWNotificationManager.h */,
				26D4E8681E0120EF00D82973 /* PCCWNotificationManager.m */,
			);
			path = Notification;
			sourceTree = "<group>";
		};
		5B875A6E06D9E2D35901C019 /* Model */ = {
			isa = PBXGroup;
			children = (
				26C5B39F1DFFF3270088BFF8 /* PCCWModel.h */,
				26C5B3A01DFFF3270088BFF8 /* PCCWModel.m */,
			);
			path = Model;
			sourceTree = "<group>";
		};
		5B875CC82613C2E6E618315E /* ViewModels */ = {
			isa = PBXGroup;
			children = (
				26DA099A1E2379E40027FAA7 /* NMListViewModel.h */,
				26DA099B1E2379E40027FAA7 /* NMListViewModel.m */,
				26DA099C1E2379E40027FAA7 /* NMViewModel.h */,
				26DA099D1E2379E40027FAA7 /* NMViewModel.m */,
				26DA099E1E2379E40027FAA7 /* NMMenuViewModel.h */,
				26DA099F1E2379E40027FAA7 /* NMMenuViewModel.m */,
			);
			path = ViewModels;
			sourceTree = "<group>";
		};
/* End PBXGroup section */

/* Begin PBXHeadersBuildPhase section */
		26C5B37E1DFFE3050088BFF8 /* Headers */ = {
			isa = PBXHeadersBuildPhase;
			buildActionMask = 2147483647;
			files = (
				26DA09A81E237A550027FAA7 /* NMDatabaseService.h in Headers */,
				26C5B3921DFFE3060088BFF8 /* PCCWFoundation.h in Headers */,
				26D4E8611E00FB1F00D82973 /* PCCWWebServiceRequestSerializer.h in Headers */,
				26D4E8651E00FB4B00D82973 /* PCCWWebServiceReponseSerializer.h in Headers */,
				2636B88A1E1E42D200A67C84 /* PCCWTabBarViewController.h in Headers */,
				2636B87A1E1E42D200A67C84 /* PCCWTableViewCell.h in Headers */,
				26DA09A41E2379E40027FAA7 /* NMMenuViewModel.h in Headers */,
				2636B87E1E1E42D200A67C84 /* PCCWViewController.h in Headers */,
				26DA09A21E2379E40027FAA7 /* NMViewModel.h in Headers */,
				2636B8821E1E42D200A67C84 /* PCCWStaticTableViewController.h in Headers */,
				2636B8841E1E42D200A67C84 /* PCCWTableViewHeaderFooterView.h in Headers */,
				268DB3E21E1FA40A001085B2 /* PCCWHUDHandler.h in Headers */,
				2636B8801E1E42D200A67C84 /* PCCWTableViewController.h in Headers */,
				26D4E8711E0131FA00D82973 /* PCCWWSDLParsers.h in Headers */,
				266F6A591E1E1F14006E210E /* UIAlertController+Blocks.h in Headers */,
				26D4E86D1E01220600D82973 /* PCCWNetworkServices.h in Headers */,
				266F6A551E1E1E0A006E210E /* PCCWException.h in Headers */,
				26DA09AC1E237D790027FAA7 /* UIView+PCCWCornerRadius.h in Headers */,
				266F6A5C1E1E201D006E210E /* PCCWFoundation-prefix.pch in Headers */,
				26DA09891E2366730027FAA7 /* PCCWMKWebView.h in Headers */,
				26DA09A01E2379E40027FAA7 /* NMListViewModel.h in Headers */,
				26D4E8691E0120EF00D82973 /* PCCWNotificationManager.h in Headers */,
				26C5B3A11DFFF3270088BFF8 /* PCCWModel.h in Headers */,
			);
			runOnlyForDeploymentPostprocessing = 0;
		};
/* End PBXHeadersBuildPhase section */

/* Begin PBXNativeTarget section */
		26C5B3801DFFE3050088BFF8 /* PCCWFoundation */ = {
			isa = PBXNativeTarget;
			buildConfigurationList = 26C5B3951DFFE3060088BFF8 /* Build configuration list for PBXNativeTarget "PCCWFoundation" */;
			buildPhases = (
				26C5B37C1DFFE3050088BFF8 /* Sources */,
				26C5B37D1DFFE3050088BFF8 /* Frameworks */,
				26C5B37E1DFFE3050088BFF8 /* Headers */,
				26C5B37F1DFFE3050088BFF8 /* Resources */,
				2636B8911E1E4E4900A67C84 /* ShellScript */,
			);
			buildRules = (
			);
			dependencies = (
			);
			name = PCCWFoundation;
			productName = PCCWFoundation;
			productReference = 26C5B3811DFFE3050088BFF8 /* PCCWFoundation.framework */;
			productType = "com.apple.product-type.framework";
		};
		26C5B3891DFFE3060088BFF8 /* PCCWFoundationTests */ = {
			isa = PBXNativeTarget;
			buildConfigurationList = 26C5B3981DFFE3060088BFF8 /* Build configuration list for PBXNativeTarget "PCCWFoundationTests" */;
			buildPhases = (
				26C5B3861DFFE3060088BFF8 /* Sources */,
				26C5B3871DFFE3060088BFF8 /* Frameworks */,
				26C5B3881DFFE3060088BFF8 /* Resources */,
				266F6A4D1E1E0FE2006E210E /* CopyFiles */,
			);
			buildRules = (
			);
			dependencies = (
				26994D331E20E5BE00AB1514 /* PBXTargetDependency */,
			);
			name = PCCWFoundationTests;
			productName = PCCWFoundationTests;
			productReference = 26C5B38A1DFFE3060088BFF8 /* PCCWFoundationTests.xctest */;
			productType = "com.apple.product-type.bundle.unit-test";
		};
/* End PBXNativeTarget section */

/* Begin PBXProject section */
		26C5B3781DFFE3050088BFF8 /* Project object */ = {
			isa = PBXProject;
			attributes = {
				CLASSPREFIX = PCCW;
				LastUpgradeCheck = 0810;
				ORGANIZATIONNAME = PCCW;
				TargetAttributes = {
					26C5B3801DFFE3050088BFF8 = {
						CreatedOnToolsVersion = 8.1;
						ProvisioningStyle = Automatic;
					};
					26C5B3891DFFE3060088BFF8 = {
						CreatedOnToolsVersion = 8.1;
						DevelopmentTeam = 5F56XN57QC;
						ProvisioningStyle = Automatic;
					};
					26C5B3A31DFFF4350088BFF8 = {
						CreatedOnToolsVersion = 8.1;
						DevelopmentTeam = 5F56XN57QC;
						ProvisioningStyle = Automatic;
					};
				};
			};
			buildConfigurationList = 26C5B37B1DFFE3050088BFF8 /* Build configuration list for PBXProject "PCCWFoundation" */;
			compatibilityVersion = "Xcode 3.2";
			developmentRegion = English;
			hasScannedForEncodings = 0;
			knownRegions = (
				en,
				Base,
			);
			mainGroup = 26C5B3771DFFE3050088BFF8;
			productRefGroup = 26C5B3821DFFE3050088BFF8 /* Products */;
			projectDirPath = "";
			projectRoot = "";
			targets = (
				26C5B3801DFFE3050088BFF8 /* PCCWFoundation */,
				26C5B3891DFFE3060088BFF8 /* PCCWFoundationTests */,
				26C5B3A31DFFF4350088BFF8 /* Build */,
			);
		};
/* End PBXProject section */

/* Begin PBXResourcesBuildPhase section */
		26C5B37F1DFFE3050088BFF8 /* Resources */ = {
			isa = PBXResourcesBuildPhase;
			buildActionMask = 2147483647;
			files = (
			);
			runOnlyForDeploymentPostprocessing = 0;
		};
		26C5B3881DFFE3060088BFF8 /* Resources */ = {
			isa = PBXResourcesBuildPhase;
			buildActionMask = 2147483647;
			files = (
				2636B8591E1E2F2A00A67C84 /* Weather.xml in Resources */,
				26A4C86B1E03D2BB005BE5FC /* User.xml in Resources */,
			);
			runOnlyForDeploymentPostprocessing = 0;
		};
/* End PBXResourcesBuildPhase section */

/* Begin PBXShellScriptBuildPhase section */
		2636B8911E1E4E4900A67C84 /* ShellScript */ = {
			isa = PBXShellScriptBuildPhase;
			buildActionMask = 2147483647;
			files = (
			);
			inputPaths = (
			);
			outputPaths = (
			);
			runOnlyForDeploymentPostprocessing = 0;
			shellPath = /bin/sh;
			shellScript = "";
		};
		26C5B3A71DFFF4490088BFF8 /* ShellScript */ = {
			isa = PBXShellScriptBuildPhase;
			buildActionMask = 2147483647;
			files = (
			);
			inputPaths = (
			);
			outputPaths = (
			);
			runOnlyForDeploymentPostprocessing = 0;
			shellPath = /bin/sh;
			shellScript = "set -e\n# Constants\nSF_TARGET_NAME=${PROJECT_NAME}\n#自定义的用来存放最后合并的framework\nUNIVERSAL_OUTPUTFOLDER=${BUILD_DIR}/${CONFIGURATION}-universal\n#IPHONE_DEVICE_BUILD_DIR=${BUILD_DIR}/${CONFIGURATION}-iphoneos\nBULID_PROJECT_NAME=${PROJECT_NAME}.xcodeproj\nYO_SCHEME=${PROJECT_NAME}\n#clean build是先清除原来的build\nxcodebuild -project ${BULID_PROJECT_NAME} -scheme ${YO_SCHEME} -sdk iphonesimulator -configuration \"${CONFIGURATION}\" clean build\nxcodebuild -project ${BULID_PROJECT_NAME} -scheme ${YO_SCHEME} -sdk iphoneos -configuration \"${CONFIGURATION}\" clean build\n# build project\n# xcodebuild -project \"${PROJECT_FILE_PATH}\" -target \"${TARGET_NAME}\" -configuration \"${CONFIGURATION}\" -sdk iphoneos BUILD_DIR=\"${BUILD_DIR}\" OBJROOT=\"${OBJROOT}\" BUILD_ROOT=\"${BUILD_ROOT}\" CONFIGURATION_BUILD_DIR=\"${IPHONE_DEVICE_BUILD_DIR}/arm64\" SYMROOT=\"${SYMROOT}\" ARCHS='arm64' VALID_ARCHS='arm64' $ACTION\n# xcodebuild -project \"${PROJECT_FILE_PATH}\" -target \"${TARGET_NAME}\" -configuration \"${CONFIGURATION}\" -sdk iphoneos BUILD_DIR=\"${BUILD_DIR}\" OBJROOT=\"${OBJROOT}\" BUILD_ROOT=\"${BUILD_ROOT}\"  CONFIGURATION_BUILD_DIR=\"${IPHONE_DEVICE_BUILD_DIR}/armv7\" SYMROOT=\"${SYMROOT}\" ARCHS='armv7 armv7s' VALID_ARCHS='armv7 armv7s' $ACTION\n# Copy the framework structure to the universal folder (clean it first)\n#因为framework的合并,lipo只是合并了最后的二进制可执行文件,所以其它的需要我们自己复制过来\n#先移除原来的\nrm -rf \"${UNIVERSAL_OUTPUTFOLDER}\"\nmkdir -p \"${UNIVERSAL_OUTPUTFOLDER}\"\ncp -R \"${BUILD_DIR}/${CONFIGURATION}-iphonesimulator/${PROJECT_NAME}.framework\" \"${UNIVERSAL_OUTPUTFOLDER}/${PROJECT_NAME}.framework\"\n#合并模拟器和真机的架构\nlipo -create  \"${BUILD_DIR}/${CONFIGURATION}-iphonesimulator/${PROJECT_NAME}.framework/${PROJECT_NAME}\" \"${BUILD_DIR}/${CONFIGURATION}-iphoneos/${PROJECT_NAME}.framework/${PROJECT_NAME}\" -output \"${UNIVERSAL_OUTPUTFOLDER}/${PROJECT_NAME}.framework/${PROJECT_NAME}\"\n\ncp -R ${PROJECT_DIR}/PCCWFoundation/*.framework ${UNIVERSAL_OUTPUTFOLDER}\n                                 \n                                 open \"${UNIVERSAL_OUTPUTFOLDER}\"";
		};
/* End PBXShellScriptBuildPhase section */

/* Begin PBXSourcesBuildPhase section */
		26C5B37C1DFFE3050088BFF8 /* Sources */ = {
			isa = PBXSourcesBuildPhase;
			buildActionMask = 2147483647;
			files = (
				26C5B3A21DFFF3270088BFF8 /* PCCWModel.m in Sources */,
				26DA09A31E2379E40027FAA7 /* NMViewModel.m in Sources */,
				2636B88B1E1E42D200A67C84 /* PCCWTabBarViewController.m in Sources */,
				2636B8851E1E42D200A67C84 /* PCCWTableViewHeaderFooterView.m in Sources */,
				2636B8811E1E42D200A67C84 /* PCCWTableViewController.m in Sources */,
				26D4E8621E00FB1F00D82973 /* PCCWWebServiceRequestSerializer.m in Sources */,
				266F6A561E1E1E0A006E210E /* PCCWException.m in Sources */,
				26D4E86E1E01220600D82973 /* PCCWNetworkServices.m in Sources */,
				26DA09A51E2379E40027FAA7 /* NMMenuViewModel.m in Sources */,
				2636B8831E1E42D200A67C84 /* PCCWStaticTableViewController.m in Sources */,
				26DA09AD1E237D790027FAA7 /* UIView+PCCWCornerRadius.m in Sources */,
				26DA098A1E2366730027FAA7 /* PCCWMKWebView.m in Sources */,
				266F6A5A1E1E1F14006E210E /* UIAlertController+Blocks.m in Sources */,
				268DB3E31E1FA40A001085B2 /* PCCWHUDHandler.m in Sources */,
				26D4E8661E00FB4B00D82973 /* PCCWWebServiceReponseSerializer.m in Sources */,
				2636B87B1E1E42D200A67C84 /* PCCWTableViewCell.m in Sources */,
				26DA09A91E237A550027FAA7 /* NMDatabaseService.m in Sources */,
				26DA09A11E2379E40027FAA7 /* NMListViewModel.m in Sources */,
				26D4E86A1E0120EF00D82973 /* PCCWNotificationManager.m in Sources */,
				26D4E8721E0131FA00D82973 /* PCCWWSDLParsers.m in Sources */,
				2636B87F1E1E42D200A67C84 /* PCCWViewController.m in Sources */,
			);
			runOnlyForDeploymentPostprocessing = 0;
		};
		26C5B3861DFFE3060088BFF8 /* Sources */ = {
			isa = PBXSourcesBuildPhase;
			buildActionMask = 2147483647;
			files = (
				26C5B3901DFFE3060088BFF8 /* PCCWFoundationTests.m in Sources */,
			);
			runOnlyForDeploymentPostprocessing = 0;
		};
/* End PBXSourcesBuildPhase section */

/* Begin PBXTargetDependency section */
		26994D331E20E5BE00AB1514 /* PBXTargetDependency */ = {
			isa = PBXTargetDependency;
			target = 26C5B3801DFFE3050088BFF8 /* PCCWFoundation */;
			targetProxy = 26994D321E20E5BE00AB1514 /* PBXContainerItemProxy */;
		};
/* End PBXTargetDependency section */

/* Begin XCBuildConfiguration section */
		26C5B3931DFFE3060088BFF8 /* Debug */ = {
			isa = XCBuildConfiguration;
			buildSettings = {
				ALWAYS_SEARCH_USER_PATHS = NO;
				CLANG_ALLOW_NON_MODULAR_INCLUDES_IN_FRAMEWORK_MODULES = NO;
				CLANG_ANALYZER_NONNULL = YES;
				CLANG_CXX_LANGUAGE_STANDARD = "gnu++0x";
				CLANG_CXX_LIBRARY = "libc++";
				CLANG_ENABLE_MODULES = YES;
				CLANG_ENABLE_OBJC_ARC = YES;
				CLANG_WARN_BOOL_CONVERSION = YES;
				CLANG_WARN_CONSTANT_CONVERSION = YES;
				CLANG_WARN_DIRECT_OBJC_ISA_USAGE = YES_ERROR;
				CLANG_WARN_DOCUMENTATION_COMMENTS = YES;
				CLANG_WARN_EMPTY_BODY = YES;
				CLANG_WARN_ENUM_CONVERSION = YES;
				CLANG_WARN_INFINITE_RECURSION = YES;
				CLANG_WARN_INT_CONVERSION = YES;
				CLANG_WARN_OBJC_ROOT_CLASS = YES_ERROR;
				CLANG_WARN_SUSPICIOUS_MOVES = YES;
				CLANG_WARN_UNREACHABLE_CODE = YES;
				CLANG_WARN__DUPLICATE_METHOD_MATCH = YES;
				"CODE_SIGN_IDENTITY[sdk=iphoneos*]" = "iPhone Developer";
				COPY_PHASE_STRIP = NO;
				CURRENT_PROJECT_VERSION = 1;
				DEBUG_INFORMATION_FORMAT = dwarf;
				ENABLE_STRICT_OBJC_MSGSEND = YES;
				ENABLE_TESTABILITY = YES;
				GCC_C_LANGUAGE_STANDARD = gnu99;
				GCC_DYNAMIC_NO_PIC = NO;
				GCC_INCREASE_PRECOMPILED_HEADER_SHARING = NO;
				GCC_NO_COMMON_BLOCKS = YES;
				GCC_OPTIMIZATION_LEVEL = 0;
				GCC_PREPROCESSOR_DEFINITIONS = (
					"DEBUG=1",
					"$(inherited)",
				);
				GCC_WARN_64_TO_32_BIT_CONVERSION = YES;
				GCC_WARN_ABOUT_RETURN_TYPE = YES_ERROR;
				GCC_WARN_UNDECLARED_SELECTOR = YES;
				GCC_WARN_UNINITIALIZED_AUTOS = YES_AGGRESSIVE;
				GCC_WARN_UNUSED_FUNCTION = YES;
				GCC_WARN_UNUSED_VARIABLE = YES;
				IPHONEOS_DEPLOYMENT_TARGET = 8.0;
				MTL_ENABLE_DEBUG_INFO = YES;
				ONLY_ACTIVE_ARCH = YES;
				SDKROOT = iphoneos;
				TARGETED_DEVICE_FAMILY = "1,2";
				VERSIONING_SYSTEM = "apple-generic";
				VERSION_INFO_PREFIX = "";
			};
			name = Debug;
		};
		26C5B3941DFFE3060088BFF8 /* Release */ = {
			isa = XCBuildConfiguration;
			buildSettings = {
				ALWAYS_SEARCH_USER_PATHS = NO;
				CLANG_ALLOW_NON_MODULAR_INCLUDES_IN_FRAMEWORK_MODULES = NO;
				CLANG_ANALYZER_NONNULL = YES;
				CLANG_CXX_LANGUAGE_STANDARD = "gnu++0x";
				CLANG_CXX_LIBRARY = "libc++";
				CLANG_ENABLE_MODULES = YES;
				CLANG_ENABLE_OBJC_ARC = YES;
				CLANG_WARN_BOOL_CONVERSION = YES;
				CLANG_WARN_CONSTANT_CONVERSION = YES;
				CLANG_WARN_DIRECT_OBJC_ISA_USAGE = YES_ERROR;
				CLANG_WARN_DOCUMENTATION_COMMENTS = YES;
				CLANG_WARN_EMPTY_BODY = YES;
				CLANG_WARN_ENUM_CONVERSION = YES;
				CLANG_WARN_INFINITE_RECURSION = YES;
				CLANG_WARN_INT_CONVERSION = YES;
				CLANG_WARN_OBJC_ROOT_CLASS = YES_ERROR;
				CLANG_WARN_SUSPICIOUS_MOVES = YES;
				CLANG_WARN_UNREACHABLE_CODE = YES;
				CLANG_WARN__DUPLICATE_METHOD_MATCH = YES;
				"CODE_SIGN_IDENTITY[sdk=iphoneos*]" = "iPhone Developer";
				COPY_PHASE_STRIP = NO;
				CURRENT_PROJECT_VERSION = 1;
				DEBUG_INFORMATION_FORMAT = "dwarf-with-dsym";
				ENABLE_NS_ASSERTIONS = NO;
				ENABLE_STRICT_OBJC_MSGSEND = YES;
				GCC_C_LANGUAGE_STANDARD = gnu99;
				GCC_INCREASE_PRECOMPILED_HEADER_SHARING = NO;
				GCC_NO_COMMON_BLOCKS = YES;
				GCC_WARN_64_TO_32_BIT_CONVERSION = YES;
				GCC_WARN_ABOUT_RETURN_TYPE = YES_ERROR;
				GCC_WARN_UNDECLARED_SELECTOR = YES;
				GCC_WARN_UNINITIALIZED_AUTOS = YES_AGGRESSIVE;
				GCC_WARN_UNUSED_FUNCTION = YES;
				GCC_WARN_UNUSED_VARIABLE = YES;
				IPHONEOS_DEPLOYMENT_TARGET = 8.0;
				MTL_ENABLE_DEBUG_INFO = NO;
				SDKROOT = iphoneos;
				TARGETED_DEVICE_FAMILY = "1,2";
				VALIDATE_PRODUCT = YES;
				VERSIONING_SYSTEM = "apple-generic";
				VERSION_INFO_PREFIX = "";
			};
			name = Release;
		};
		26C5B3961DFFE3060088BFF8 /* Debug */ = {
			isa = XCBuildConfiguration;
			buildSettings = {
				APPLICATION_EXTENSION_API_ONLY = NO;
				CODE_SIGN_IDENTITY = "";
				"CODE_SIGN_IDENTITY[sdk=iphoneos*]" = "iPhone Developer";
				DEFINES_MODULE = YES;
				DEVELOPMENT_TEAM = "";
				DYLIB_COMPATIBILITY_VERSION = 1;
				DYLIB_CURRENT_VERSION = 1;
				DYLIB_INSTALL_NAME_BASE = "@rpath";
				FRAMEWORK_SEARCH_PATHS = (
					"$(inherited)",
					"$(PROJECT_DIR)/Carthage/Build/iOS",
				);
				GCC_PREFIX_HEADER = "${SRCROOT}/PCCWFoundation/PCCWFoundation-prefix.pch";
				INFOPLIST_FILE = PCCWFoundation/Info.plist;
				INSTALL_PATH = "$(LOCAL_LIBRARY_DIR)/Frameworks";
				LD_RUNPATH_SEARCH_PATHS = "$(inherited) @executable_path/Frameworks @loader_path/Frameworks";
				MACH_O_TYPE = mh_dylib;
				PRODUCT_BUNDLE_IDENTIFIER = com.pccw.framework.PCCWFoundation;
				PRODUCT_NAME = "$(TARGET_NAME)";
				SKIP_INSTALL = YES;
				USER_HEADER_SEARCH_PATHS = "";
			};
			name = Debug;
		};
		26C5B3971DFFE3060088BFF8 /* Release */ = {
			isa = XCBuildConfiguration;
			buildSettings = {
				APPLICATION_EXTENSION_API_ONLY = NO;
				CODE_SIGN_IDENTITY = "";
				"CODE_SIGN_IDENTITY[sdk=iphoneos*]" = "iPhone Developer";
				DEFINES_MODULE = YES;
				DEVELOPMENT_TEAM = "";
				DYLIB_COMPATIBILITY_VERSION = 1;
				DYLIB_CURRENT_VERSION = 1;
				DYLIB_INSTALL_NAME_BASE = "@rpath";
				FRAMEWORK_SEARCH_PATHS = (
					"$(inherited)",
					"$(PROJECT_DIR)/Carthage/Build/iOS",
				);
				GCC_PREFIX_HEADER = "${SRCROOT}/PCCWFoundation/PCCWFoundation-prefix.pch";
				INFOPLIST_FILE = PCCWFoundation/Info.plist;
				INSTALL_PATH = "$(LOCAL_LIBRARY_DIR)/Frameworks";
				LD_RUNPATH_SEARCH_PATHS = "$(inherited) @executable_path/Frameworks @loader_path/Frameworks";
				MACH_O_TYPE = mh_dylib;
				PRODUCT_BUNDLE_IDENTIFIER = com.pccw.framework.PCCWFoundation;
				PRODUCT_NAME = "$(TARGET_NAME)";
				SKIP_INSTALL = YES;
				USER_HEADER_SEARCH_PATHS = "";
			};
			name = Release;
		};
		26C5B3991DFFE3060088BFF8 /* Debug */ = {
			isa = XCBuildConfiguration;
			buildSettings = {
				DEVELOPMENT_TEAM = 5F56XN57QC;
				FRAMEWORK_SEARCH_PATHS = (
					"$(inherited)",
					"$(PROJECT_DIR)/PCCWFoundation",
				);
				INFOPLIST_FILE = PCCWFoundationTests/Info.plist;
				LD_RUNPATH_SEARCH_PATHS = "$(inherited) @executable_path/Frameworks @loader_path/Frameworks";
				MACH_O_TYPE = mh_bundle;
				PRODUCT_BUNDLE_IDENTIFIER = com.pccw.framework.PCCWFoundationTests;
				PRODUCT_NAME = "$(TARGET_NAME)";
			};
			name = Debug;
		};
		26C5B39A1DFFE3060088BFF8 /* Release */ = {
			isa = XCBuildConfiguration;
			buildSettings = {
				DEVELOPMENT_TEAM = 5F56XN57QC;
				FRAMEWORK_SEARCH_PATHS = (
					"$(inherited)",
					"$(PROJECT_DIR)/PCCWFoundation",
				);
				INFOPLIST_FILE = PCCWFoundationTests/Info.plist;
				LD_RUNPATH_SEARCH_PATHS = "$(inherited) @executable_path/Frameworks @loader_path/Frameworks";
				MACH_O_TYPE = mh_bundle;
				PRODUCT_BUNDLE_IDENTIFIER = com.pccw.framework.PCCWFoundationTests;
				PRODUCT_NAME = "$(TARGET_NAME)";
			};
			name = Release;
		};
		26C5B3A51DFFF4350088BFF8 /* Debug */ = {
			isa = XCBuildConfiguration;
			buildSettings = {
				ALWAYS_SEARCH_USER_PATHS = NO;
				CLANG_ALLOW_NON_MODULAR_INCLUDES_IN_FRAMEWORK_MODULES = NO;
				DEVELOPMENT_TEAM = 5F56XN57QC;
				MACH_O_TYPE = staticlib;
				PRODUCT_NAME = "$(TARGET_NAME)";
			};
			name = Debug;
		};
		26C5B3A61DFFF4350088BFF8 /* Release */ = {
			isa = XCBuildConfiguration;
			buildSettings = {
				ALWAYS_SEARCH_USER_PATHS = NO;
				CLANG_ALLOW_NON_MODULAR_INCLUDES_IN_FRAMEWORK_MODULES = NO;
				DEVELOPMENT_TEAM = 5F56XN57QC;
				MACH_O_TYPE = staticlib;
				PRODUCT_NAME = "$(TARGET_NAME)";
			};
			name = Release;
		};
/* End XCBuildConfiguration section */

/* Begin XCConfigurationList section */
		26C5B37B1DFFE3050088BFF8 /* Build configuration list for PBXProject "PCCWFoundation" */ = {
			isa = XCConfigurationList;
			buildConfigurations = (
				26C5B3931DFFE3060088BFF8 /* Debug */,
				26C5B3941DFFE3060088BFF8 /* Release */,
			);
			defaultConfigurationIsVisible = 0;
			defaultConfigurationName = Release;
		};
		26C5B3951DFFE3060088BFF8 /* Build configuration list for PBXNativeTarget "PCCWFoundation" */ = {
			isa = XCConfigurationList;
			buildConfigurations = (
				26C5B3961DFFE3060088BFF8 /* Debug */,
				26C5B3971DFFE3060088BFF8 /* Release */,
			);
			defaultConfigurationIsVisible = 0;
			defaultConfigurationName = Release;
		};
		26C5B3981DFFE3060088BFF8 /* Build configuration list for PBXNativeTarget "PCCWFoundationTests" */ = {
			isa = XCConfigurationList;
			buildConfigurations = (
				26C5B3991DFFE3060088BFF8 /* Debug */,
				26C5B39A1DFFE3060088BFF8 /* Release */,
			);
			defaultConfigurationIsVisible = 0;
			defaultConfigurationName = Release;
		};
		26C5B3A41DFFF4350088BFF8 /* Build configuration list for PBXAggregateTarget "Build" */ = {
			isa = XCConfigurationList;
			buildConfigurations = (
				26C5B3A51DFFF4350088BFF8 /* Debug */,
				26C5B3A61DFFF4350088BFF8 /* Release */,
			);
			defaultConfigurationIsVisible = 0;
			defaultConfigurationName = Release;
		};
/* End XCConfigurationList section */
	};
	rootObject = 26C5B3781DFFE3050088BFF8 /* Project object */;
}
